// !$*UTF8*$!
{
	archiveVersion = 1;
	classes = {
	};
	objectVersion = 50;
	objects = {

/* Begin PBXBuildFile section */
		B824BD6128CA966700B27C8C /* AppDelegate.swift in Sources */ = {isa = PBXBuildFile; fileRef = B824BD6028CA966700B27C8C /* AppDelegate.swift */; };
		B824BD6828CA966700B27C8C /* Main.storyboard in Resources */ = {isa = PBXBuildFile; fileRef = B824BD6628CA966700B27C8C /* Main.storyboard */; };
		B824BD6A28CA966F00B27C8C /* Assets.xcassets in Resources */ = {isa = PBXBuildFile; fileRef = B824BD6928CA966F00B27C8C /* Assets.xcassets */; };
		B824BD6D28CA966F00B27C8C /* LaunchScreen.storyboard in Resources */ = {isa = PBXBuildFile; fileRef = B824BD6B28CA966F00B27C8C /* LaunchScreen.storyboard */; };
		B824BD9728CA99DA00B27C8C /* SplashScreen.xib in Resources */ = {isa = PBXBuildFile; fileRef = B824BD9628CA99DA00B27C8C /* SplashScreen.xib */; };
		B824BD9A28CA9A4400B27C8C /* SplashScreen.swift in Sources */ = {isa = PBXBuildFile; fileRef = B824BD9928CA9A4400B27C8C /* SplashScreen.swift */; };
		B824BD9F28CA9E4800B27C8C /* Login.xib in Resources */ = {isa = PBXBuildFile; fileRef = B824BD9E28CA9E4800B27C8C /* Login.xib */; };
		B824BDA228CA9E7400B27C8C /* Login.swift in Sources */ = {isa = PBXBuildFile; fileRef = B824BDA128CA9E7400B27C8C /* Login.swift */; };
		B824BDAA28CAA12F00B27C8C /* Home.swift in Sources */ = {isa = PBXBuildFile; fileRef = B824BDA928CAA12F00B27C8C /* Home.swift */; };
		B824BDAD28CAA15600B27C8C /* Home.xib in Resources */ = {isa = PBXBuildFile; fileRef = B824BDAC28CAA15600B27C8C /* Home.xib */; };
		B824BDB128CAA6BE00B27C8C /* SermonsViewController.swift in Sources */ = {isa = PBXBuildFile; fileRef = B824BDB028CAA6BE00B27C8C /* SermonsViewController.swift */; };
		B824BDB828CAA72400B27C8C /* SermonsViewController.xib in Resources */ = {isa = PBXBuildFile; fileRef = B824BDB728CAA72400B27C8C /* SermonsViewController.xib */; };
		B8965F4C28D52C8100B64709 /* HomeRepository.swift in Sources */ = {isa = PBXBuildFile; fileRef = B8965F4B28D52C8100B64709 /* HomeRepository.swift */; };
		B8965F4F28D52C9800B64709 /* HomeApi.swift in Sources */ = {isa = PBXBuildFile; fileRef = B8965F4E28D52C9800B64709 /* HomeApi.swift */; };
		B8965F5A28D5325700B64709 /* Api.swift in Sources */ = {isa = PBXBuildFile; fileRef = B8965F5928D5325700B64709 /* Api.swift */; };
		B8965F5D28D532C500B64709 /* RequestInterceptor.swift in Sources */ = {isa = PBXBuildFile; fileRef = B8965F5C28D532C500B64709 /* RequestInterceptor.swift */; };
		B8965F6028D5335100B64709 /* ApiError.swift in Sources */ = {isa = PBXBuildFile; fileRef = B8965F5F28D5335100B64709 /* ApiError.swift */; };
		B8965F6328D5347C00B64709 /* HomeModel.swift in Sources */ = {isa = PBXBuildFile; fileRef = B8965F6228D5347C00B64709 /* HomeModel.swift */; };
		BF723F84291C900000F2FAA4 /* SermonsCollectionView.swift in Sources */ = {isa = PBXBuildFile; fileRef = BF723F83291C900000F2FAA4 /* SermonsCollectionView.swift */; };
		BF723F88291C945D00F2FAA4 /* SermonItemCell.swift in Sources */ = {isa = PBXBuildFile; fileRef = BF723F87291C945D00F2FAA4 /* SermonItemCell.swift */; };
		BF723F8B291C96F800F2FAA4 /* Sermon.swift in Sources */ = {isa = PBXBuildFile; fileRef = BF723F8A291C96F800F2FAA4 /* Sermon.swift */; };
		BF723F8D291C972600F2FAA4 /* Constants.swift in Sources */ = {isa = PBXBuildFile; fileRef = BF723F8C291C972600F2FAA4 /* Constants.swift */; };
		BF723F8E291C9AF500F2FAA4 /* SermonItemCell.xib in Resources */ = {isa = PBXBuildFile; fileRef = BF723F85291C936800F2FAA4 /* SermonItemCell.xib */; };
		BF9C22A52924830E0082C0C5 /* UIImage.swift in Sources */ = {isa = PBXBuildFile; fileRef = BF9C22A42924830E0082C0C5 /* UIImage.swift */; };
		DAA5BC0554963CBFAB25DF98 /* libPods-Aliento App.a in Frameworks */ = {isa = PBXBuildFile; fileRef = B2FFE1DACD888734A5E8BAA7 /* libPods-Aliento App.a */; };
/* End PBXBuildFile section */

/* Begin PBXFileReference section */
		A5B7B508B36C2AA986FD512F /* Pods-Aliento App.debug.xcconfig */ = {isa = PBXFileReference; includeInIndex = 1; lastKnownFileType = text.xcconfig; name = "Pods-Aliento App.debug.xcconfig"; path = "Target Support Files/Pods-Aliento App/Pods-Aliento App.debug.xcconfig"; sourceTree = "<group>"; };
		B2FFE1DACD888734A5E8BAA7 /* libPods-Aliento App.a */ = {isa = PBXFileReference; explicitFileType = archive.ar; includeInIndex = 0; path = "libPods-Aliento App.a"; sourceTree = BUILT_PRODUCTS_DIR; };
		B824BD5D28CA966700B27C8C /* Aliento App.app */ = {isa = PBXFileReference; explicitFileType = wrapper.application; includeInIndex = 0; path = "Aliento App.app"; sourceTree = BUILT_PRODUCTS_DIR; };
		B824BD6028CA966700B27C8C /* AppDelegate.swift */ = {isa = PBXFileReference; lastKnownFileType = sourcecode.swift; path = AppDelegate.swift; sourceTree = "<group>"; };
		B824BD6728CA966700B27C8C /* Base */ = {isa = PBXFileReference; lastKnownFileType = file.storyboard; name = Base; path = Base.lproj/Main.storyboard; sourceTree = "<group>"; };
		B824BD6928CA966F00B27C8C /* Assets.xcassets */ = {isa = PBXFileReference; lastKnownFileType = folder.assetcatalog; path = Assets.xcassets; sourceTree = "<group>"; };
		B824BD6C28CA966F00B27C8C /* Base */ = {isa = PBXFileReference; lastKnownFileType = file.storyboard; name = Base; path = Base.lproj/LaunchScreen.storyboard; sourceTree = "<group>"; };
		B824BD6E28CA966F00B27C8C /* Info.plist */ = {isa = PBXFileReference; lastKnownFileType = text.plist.xml; path = Info.plist; sourceTree = "<group>"; };
		B824BD9628CA99DA00B27C8C /* SplashScreen.xib */ = {isa = PBXFileReference; lastKnownFileType = file.xib; path = SplashScreen.xib; sourceTree = "<group>"; };
		B824BD9928CA9A4400B27C8C /* SplashScreen.swift */ = {isa = PBXFileReference; lastKnownFileType = sourcecode.swift; path = SplashScreen.swift; sourceTree = "<group>"; };
		B824BD9E28CA9E4800B27C8C /* Login.xib */ = {isa = PBXFileReference; lastKnownFileType = file.xib; path = Login.xib; sourceTree = "<group>"; };
		B824BDA128CA9E7400B27C8C /* Login.swift */ = {isa = PBXFileReference; lastKnownFileType = sourcecode.swift; path = Login.swift; sourceTree = "<group>"; };
		B824BDA928CAA12F00B27C8C /* Home.swift */ = {isa = PBXFileReference; lastKnownFileType = sourcecode.swift; path = Home.swift; sourceTree = "<group>"; };
		B824BDAC28CAA15600B27C8C /* Home.xib */ = {isa = PBXFileReference; lastKnownFileType = file.xib; path = Home.xib; sourceTree = "<group>"; };
		B824BDB028CAA6BE00B27C8C /* SermonsViewController.swift */ = {isa = PBXFileReference; lastKnownFileType = sourcecode.swift; path = SermonsViewController.swift; sourceTree = "<group>"; };
		B824BDB728CAA72400B27C8C /* SermonsViewController.xib */ = {isa = PBXFileReference; lastKnownFileType = file.xib; path = SermonsViewController.xib; sourceTree = "<group>"; };
		B8965F4B28D52C8100B64709 /* HomeRepository.swift */ = {isa = PBXFileReference; lastKnownFileType = sourcecode.swift; path = HomeRepository.swift; sourceTree = "<group>"; };
		B8965F4E28D52C9800B64709 /* HomeApi.swift */ = {isa = PBXFileReference; lastKnownFileType = sourcecode.swift; path = HomeApi.swift; sourceTree = "<group>"; };
		B8965F5928D5325700B64709 /* Api.swift */ = {isa = PBXFileReference; lastKnownFileType = sourcecode.swift; path = Api.swift; sourceTree = "<group>"; };
		B8965F5C28D532C500B64709 /* RequestInterceptor.swift */ = {isa = PBXFileReference; lastKnownFileType = sourcecode.swift; path = RequestInterceptor.swift; sourceTree = "<group>"; };
		B8965F5F28D5335100B64709 /* ApiError.swift */ = {isa = PBXFileReference; lastKnownFileType = sourcecode.swift; path = ApiError.swift; sourceTree = "<group>"; };
		B8965F6228D5347C00B64709 /* HomeModel.swift */ = {isa = PBXFileReference; lastKnownFileType = sourcecode.swift; path = HomeModel.swift; sourceTree = "<group>"; };
		BF723F83291C900000F2FAA4 /* SermonsCollectionView.swift */ = {isa = PBXFileReference; lastKnownFileType = sourcecode.swift; path = SermonsCollectionView.swift; sourceTree = "<group>"; };
		BF723F85291C936800F2FAA4 /* SermonItemCell.xib */ = {isa = PBXFileReference; lastKnownFileType = file.xib; path = SermonItemCell.xib; sourceTree = "<group>"; };
		BF723F87291C945D00F2FAA4 /* SermonItemCell.swift */ = {isa = PBXFileReference; lastKnownFileType = sourcecode.swift; path = SermonItemCell.swift; sourceTree = "<group>"; };
		BF723F8A291C96F800F2FAA4 /* Sermon.swift */ = {isa = PBXFileReference; lastKnownFileType = sourcecode.swift; path = Sermon.swift; sourceTree = "<group>"; };
		BF723F8C291C972600F2FAA4 /* Constants.swift */ = {isa = PBXFileReference; lastKnownFileType = sourcecode.swift; path = Constants.swift; sourceTree = "<group>"; };
		BF9C22A42924830E0082C0C5 /* UIImage.swift */ = {isa = PBXFileReference; lastKnownFileType = sourcecode.swift; path = UIImage.swift; sourceTree = "<group>"; };
		BFADCF8977C40630EE77FC8A /* Pods-Aliento App.release.xcconfig */ = {isa = PBXFileReference; includeInIndex = 1; lastKnownFileType = text.xcconfig; name = "Pods-Aliento App.release.xcconfig"; path = "Target Support Files/Pods-Aliento App/Pods-Aliento App.release.xcconfig"; sourceTree = "<group>"; };
/* End PBXFileReference section */

/* Begin PBXFrameworksBuildPhase section */
		B824BD5A28CA966700B27C8C /* Frameworks */ = {
			isa = PBXFrameworksBuildPhase;
			buildActionMask = 2147483647;
			files = (
				DAA5BC0554963CBFAB25DF98 /* libPods-Aliento App.a in Frameworks */,
			);
			runOnlyForDeploymentPostprocessing = 0;
		};
/* End PBXFrameworksBuildPhase section */

/* Begin PBXGroup section */
		0BBD9B8A4D8461FD5FFD78CC /* Pods */ = {
			isa = PBXGroup;
			children = (
				A5B7B508B36C2AA986FD512F /* Pods-Aliento App.debug.xcconfig */,
				BFADCF8977C40630EE77FC8A /* Pods-Aliento App.release.xcconfig */,
			);
			path = Pods;
			sourceTree = "<group>";
		};
		1ADF4654E1E48F2CA7C98C37 /* Frameworks */ = {
			isa = PBXGroup;
			children = (
				B2FFE1DACD888734A5E8BAA7 /* libPods-Aliento App.a */,
			);
			name = Frameworks;
			sourceTree = "<group>";
		};
		76D85958296C9D080087D935 /* List */ = {
			isa = PBXGroup;
			children = (
				BF7E1049291D513700DD9844 /* Collection View */,
				B824BDB028CAA6BE00B27C8C /* SermonsViewController.swift */,
				B824BDB728CAA72400B27C8C /* SermonsViewController.xib */,
			);
			path = List;
			sourceTree = "<group>";
		};
		B824BD5428CA966700B27C8C = {
			isa = PBXGroup;
			children = (
				B824BD5F28CA966700B27C8C /* Aliento App */,
				B824BD5E28CA966700B27C8C /* Products */,
				0BBD9B8A4D8461FD5FFD78CC /* Pods */,
				1ADF4654E1E48F2CA7C98C37 /* Frameworks */,
			);
			sourceTree = "<group>";
		};
		B824BD5E28CA966700B27C8C /* Products */ = {
			isa = PBXGroup;
			children = (
				B824BD5D28CA966700B27C8C /* Aliento App.app */,
			);
			name = Products;
			sourceTree = "<group>";
		};
		B824BD5F28CA966700B27C8C /* Aliento App */ = {
			isa = PBXGroup;
			children = (
				B824BD6E28CA966F00B27C8C /* Info.plist */,
				B8965F4528D52A5C00B64709 /* Presentation */,
				B8965F4428D52A5700B64709 /* Data */,
				B8965F4328D52A5000B64709 /* Domain */,
			);
			path = "Aliento App";
			sourceTree = "<group>";
		};
		B824BD9428CA99A800B27C8C /* Features */ = {
			isa = PBXGroup;
			children = (
				B824BDAF28CAA6AA00B27C8C /* Sermons */,
				B824BDA428CAA0EF00B27C8C /* Home */,
				B824BD9D28CA9E3800B27C8C /* Login */,
				B824BD9528CA99BA00B27C8C /* Splashscreen */,
				BF723F8C291C972600F2FAA4 /* Constants.swift */,
			);
			path = Features;
			sourceTree = "<group>";
		};
		B824BD9528CA99BA00B27C8C /* Splashscreen */ = {
			isa = PBXGroup;
			children = (
				B824BD9628CA99DA00B27C8C /* SplashScreen.xib */,
				B824BD9928CA9A4400B27C8C /* SplashScreen.swift */,
			);
			path = Splashscreen;
			sourceTree = "<group>";
		};
		B824BD9D28CA9E3800B27C8C /* Login */ = {
			isa = PBXGroup;
			children = (
				B824BD9E28CA9E4800B27C8C /* Login.xib */,
				B824BDA128CA9E7400B27C8C /* Login.swift */,
			);
			path = Login;
			sourceTree = "<group>";
		};
		B824BDA428CAA0EF00B27C8C /* Home */ = {
			isa = PBXGroup;
			children = (
				B824BDA928CAA12F00B27C8C /* Home.swift */,
				B824BDAC28CAA15600B27C8C /* Home.xib */,
			);
			path = Home;
			sourceTree = "<group>";
		};
		B824BDAF28CAA6AA00B27C8C /* Sermons */ = {
			isa = PBXGroup;
			children = (
				76D85958296C9D080087D935 /* List */,
				BF723F8A291C96F800F2FAA4 /* Sermon.swift */,
			);
			path = Sermons;
			sourceTree = "<group>";
		};
		B8965F4328D52A5000B64709 /* Domain */ = {
			isa = PBXGroup;
			children = (
			);
			path = Domain;
			sourceTree = "<group>";
		};
		B8965F4428D52A5700B64709 /* Data */ = {
			isa = PBXGroup;
			children = (
				B8965F6528D535C000B64709 /* Features */,
				B8965F5828D5324C00B64709 /* Api */,
			);
			path = Data;
			sourceTree = "<group>";
		};
		B8965F4528D52A5C00B64709 /* Presentation */ = {
			isa = PBXGroup;
			children = (
				BF9C22A3292483010082C0C5 /* Extensions */,
				B824BD9428CA99A800B27C8C /* Features */,
				B8965F4928D52C3900B64709 /* Utils */,
				B824BD6028CA966700B27C8C /* AppDelegate.swift */,
			);
			path = Presentation;
			sourceTree = "<group>";
		};
		B8965F4928D52C3900B64709 /* Utils */ = {
			isa = PBXGroup;
			children = (
				B824BD6628CA966700B27C8C /* Main.storyboard */,
				B824BD6928CA966F00B27C8C /* Assets.xcassets */,
				B824BD6B28CA966F00B27C8C /* LaunchScreen.storyboard */,
			);
			path = Utils;
			sourceTree = "<group>";
		};
		B8965F4A28D52C6700B64709 /* Home */ = {
			isa = PBXGroup;
			children = (
				B8965F4B28D52C8100B64709 /* HomeRepository.swift */,
				B8965F4E28D52C9800B64709 /* HomeApi.swift */,
				B8965F6228D5347C00B64709 /* HomeModel.swift */,
			);
			path = Home;
			sourceTree = "<group>";
		};
		B8965F5828D5324C00B64709 /* Api */ = {
			isa = PBXGroup;
			children = (
				B8965F5928D5325700B64709 /* Api.swift */,
				B8965F5C28D532C500B64709 /* RequestInterceptor.swift */,
				B8965F5F28D5335100B64709 /* ApiError.swift */,
			);
			path = Api;
			sourceTree = "<group>";
		};
		B8965F6528D535C000B64709 /* Features */ = {
			isa = PBXGroup;
			children = (
				B8965F4A28D52C6700B64709 /* Home */,
			);
			path = Features;
			sourceTree = "<group>";
		};
		BF7E1049291D513700DD9844 /* Collection View */ = {
			isa = PBXGroup;
			children = (
				BF723F83291C900000F2FAA4 /* SermonsCollectionView.swift */,
				BF723F85291C936800F2FAA4 /* SermonItemCell.xib */,
				BF723F87291C945D00F2FAA4 /* SermonItemCell.swift */,
			);
			path = "Collection View";
			sourceTree = "<group>";
		};
		BF9C22A3292483010082C0C5 /* Extensions */ = {
			isa = PBXGroup;
			children = (
				BF9C22A42924830E0082C0C5 /* UIImage.swift */,
			);
			path = Extensions;
			sourceTree = "<group>";
		};
/* End PBXGroup section */

/* Begin PBXNativeTarget section */
		B824BD5C28CA966700B27C8C /* Aliento App */ = {
			isa = PBXNativeTarget;
			buildConfigurationList = B824BD7128CA966F00B27C8C /* Build configuration list for PBXNativeTarget "Aliento App" */;
			buildPhases = (
				F45F10F57D0DBFD026FCC927 /* [CP] Check Pods Manifest.lock */,
				B824BD5928CA966700B27C8C /* Sources */,
				B824BD5A28CA966700B27C8C /* Frameworks */,
				B824BD5B28CA966700B27C8C /* Resources */,
			);
			buildRules = (
			);
			dependencies = (
			);
			name = "Aliento App";
			productName = "Aliento App";
			productReference = B824BD5D28CA966700B27C8C /* Aliento App.app */;
			productType = "com.apple.product-type.application";
		};
/* End PBXNativeTarget section */

/* Begin PBXProject section */
		B824BD5528CA966700B27C8C /* Project object */ = {
			isa = PBXProject;
			attributes = {
				LastSwiftUpdateCheck = 1240;
				LastUpgradeCheck = 1240;
				TargetAttributes = {
					B824BD5C28CA966700B27C8C = {
						CreatedOnToolsVersion = 12.4;
					};
				};
			};
			buildConfigurationList = B824BD5828CA966700B27C8C /* Build configuration list for PBXProject "Aliento App" */;
			compatibilityVersion = "Xcode 9.3";
			developmentRegion = en;
			hasScannedForEncodings = 0;
			knownRegions = (
				en,
				Base,
			);
			mainGroup = B824BD5428CA966700B27C8C;
			productRefGroup = B824BD5E28CA966700B27C8C /* Products */;
			projectDirPath = "";
			projectRoot = "";
			targets = (
				B824BD5C28CA966700B27C8C /* Aliento App */,
			);
		};
/* End PBXProject section */

/* Begin PBXResourcesBuildPhase section */
		B824BD5B28CA966700B27C8C /* Resources */ = {
			isa = PBXResourcesBuildPhase;
			buildActionMask = 2147483647;
			files = (
				B824BD9728CA99DA00B27C8C /* SplashScreen.xib in Resources */,
				B824BD6D28CA966F00B27C8C /* LaunchScreen.storyboard in Resources */,
				BF723F8E291C9AF500F2FAA4 /* SermonItemCell.xib in Resources */,
				B824BDB828CAA72400B27C8C /* SermonsViewController.xib in Resources */,
				B824BD6A28CA966F00B27C8C /* Assets.xcassets in Resources */,
				B824BD6828CA966700B27C8C /* Main.storyboard in Resources */,
				B824BDAD28CAA15600B27C8C /* Home.xib in Resources */,
				B824BD9F28CA9E4800B27C8C /* Login.xib in Resources */,
			);
			runOnlyForDeploymentPostprocessing = 0;
		};
/* End PBXResourcesBuildPhase section */

/* Begin PBXShellScriptBuildPhase section */
		F45F10F57D0DBFD026FCC927 /* [CP] Check Pods Manifest.lock */ = {
			isa = PBXShellScriptBuildPhase;
			buildActionMask = 2147483647;
			files = (
			);
			inputFileListPaths = (
			);
			inputPaths = (
				"${PODS_PODFILE_DIR_PATH}/Podfile.lock",
				"${PODS_ROOT}/Manifest.lock",
			);
			name = "[CP] Check Pods Manifest.lock";
			outputFileListPaths = (
			);
			outputPaths = (
				"$(DERIVED_FILE_DIR)/Pods-Aliento App-checkManifestLockResult.txt",
			);
			runOnlyForDeploymentPostprocessing = 0;
			shellPath = /bin/sh;
			shellScript = "diff \"${PODS_PODFILE_DIR_PATH}/Podfile.lock\" \"${PODS_ROOT}/Manifest.lock\" > /dev/null\nif [ $? != 0 ] ; then\n    # print error to STDERR\n    echo \"error: The sandbox is not in sync with the Podfile.lock. Run 'pod install' or update your CocoaPods installation.\" >&2\n    exit 1\nfi\n# This output is used by Xcode 'outputs' to avoid re-running this script phase.\necho \"SUCCESS\" > \"${SCRIPT_OUTPUT_FILE_0}\"\n";
			showEnvVarsInLog = 0;
		};
/* End PBXShellScriptBuildPhase section */

/* Begin PBXSourcesBuildPhase section */
		B824BD5928CA966700B27C8C /* Sources */ = {
			isa = PBXSourcesBuildPhase;
			buildActionMask = 2147483647;
			files = (
				BF723F84291C900000F2FAA4 /* SermonsCollectionView.swift in Sources */,
				B824BD9A28CA9A4400B27C8C /* SplashScreen.swift in Sources */,
				B8965F5D28D532C500B64709 /* RequestInterceptor.swift in Sources */,
				B824BDAA28CAA12F00B27C8C /* Home.swift in Sources */,
				BF723F88291C945D00F2FAA4 /* SermonItemCell.swift in Sources */,
				BF723F8D291C972600F2FAA4 /* Constants.swift in Sources */,
				B8965F6328D5347C00B64709 /* HomeModel.swift in Sources */,
				B8965F6028D5335100B64709 /* ApiError.swift in Sources */,
				B824BD6128CA966700B27C8C /* AppDelegate.swift in Sources */,
				BF9C22A52924830E0082C0C5 /* UIImage.swift in Sources */,
				B824BDB128CAA6BE00B27C8C /* SermonsViewController.swift in Sources */,
				B8965F4C28D52C8100B64709 /* HomeRepository.swift in Sources */,
				B824BDA228CA9E7400B27C8C /* Login.swift in Sources */,
				BF723F8B291C96F800F2FAA4 /* Sermon.swift in Sources */,
				B8965F5A28D5325700B64709 /* Api.swift in Sources */,
				B8965F4F28D52C9800B64709 /* HomeApi.swift in Sources */,
			);
			runOnlyForDeploymentPostprocessing = 0;
		};
/* End PBXSourcesBuildPhase section */

/* Begin PBXVariantGroup section */
		B824BD6628CA966700B27C8C /* Main.storyboard */ = {
			isa = PBXVariantGroup;
			children = (
				B824BD6728CA966700B27C8C /* Base */,
			);
			name = Main.storyboard;
			sourceTree = "<group>";
		};
		B824BD6B28CA966F00B27C8C /* LaunchScreen.storyboard */ = {
			isa = PBXVariantGroup;
			children = (
				B824BD6C28CA966F00B27C8C /* Base */,
			);
			name = LaunchScreen.storyboard;
			sourceTree = "<group>";
		};
/* End PBXVariantGroup section */

/* Begin XCBuildConfiguration section */
		B824BD6F28CA966F00B27C8C /* Debug */ = {
			isa = XCBuildConfiguration;
			buildSettings = {
				ALWAYS_SEARCH_USER_PATHS = NO;
				CLANG_ANALYZER_NONNULL = YES;
				CLANG_ANALYZER_NUMBER_OBJECT_CONVERSION = YES_AGGRESSIVE;
				CLANG_CXX_LANGUAGE_STANDARD = "gnu++14";
				CLANG_CXX_LIBRARY = "libc++";
				CLANG_ENABLE_MODULES = YES;
				CLANG_ENABLE_OBJC_ARC = YES;
				CLANG_ENABLE_OBJC_WEAK = YES;
				CLANG_WARN_BLOCK_CAPTURE_AUTORELEASING = YES;
				CLANG_WARN_BOOL_CONVERSION = YES;
				CLANG_WARN_COMMA = YES;
				CLANG_WARN_CONSTANT_CONVERSION = YES;
				CLANG_WARN_DEPRECATED_OBJC_IMPLEMENTATIONS = YES;
				CLANG_WARN_DIRECT_OBJC_ISA_USAGE = YES_ERROR;
				CLANG_WARN_DOCUMENTATION_COMMENTS = YES;
				CLANG_WARN_EMPTY_BODY = YES;
				CLANG_WARN_ENUM_CONVERSION = YES;
				CLANG_WARN_INFINITE_RECURSION = YES;
				CLANG_WARN_INT_CONVERSION = YES;
				CLANG_WARN_NON_LITERAL_NULL_CONVERSION = YES;
				CLANG_WARN_OBJC_IMPLICIT_RETAIN_SELF = YES;
				CLANG_WARN_OBJC_LITERAL_CONVERSION = YES;
				CLANG_WARN_OBJC_ROOT_CLASS = YES_ERROR;
				CLANG_WARN_QUOTED_INCLUDE_IN_FRAMEWORK_HEADER = YES;
				CLANG_WARN_RANGE_LOOP_ANALYSIS = YES;
				CLANG_WARN_STRICT_PROTOTYPES = YES;
				CLANG_WARN_SUSPICIOUS_MOVE = YES;
				CLANG_WARN_UNGUARDED_AVAILABILITY = YES_AGGRESSIVE;
				CLANG_WARN_UNREACHABLE_CODE = YES;
				CLANG_WARN__DUPLICATE_METHOD_MATCH = YES;
				COPY_PHASE_STRIP = NO;
				DEBUG_INFORMATION_FORMAT = dwarf;
				ENABLE_STRICT_OBJC_MSGSEND = YES;
				ENABLE_TESTABILITY = YES;
				GCC_C_LANGUAGE_STANDARD = gnu11;
				GCC_DYNAMIC_NO_PIC = NO;
				GCC_NO_COMMON_BLOCKS = YES;
				GCC_OPTIMIZATION_LEVEL = 0;
				GCC_PREPROCESSOR_DEFINITIONS = (
					"DEBUG=1",
					"$(inherited)",
				);
				GCC_WARN_64_TO_32_BIT_CONVERSION = YES;
				GCC_WARN_ABOUT_RETURN_TYPE = YES_ERROR;
				GCC_WARN_UNDECLARED_SELECTOR = YES;
				GCC_WARN_UNINITIALIZED_AUTOS = YES_AGGRESSIVE;
				GCC_WARN_UNUSED_FUNCTION = YES;
				GCC_WARN_UNUSED_VARIABLE = YES;
				IPHONEOS_DEPLOYMENT_TARGET = 14.4;
				MTL_ENABLE_DEBUG_INFO = INCLUDE_SOURCE;
				MTL_FAST_MATH = YES;
				ONLY_ACTIVE_ARCH = YES;
				SDKROOT = iphoneos;
				SWIFT_ACTIVE_COMPILATION_CONDITIONS = DEBUG;
				SWIFT_OPTIMIZATION_LEVEL = "-Onone";
			};
			name = Debug;
		};
		B824BD7028CA966F00B27C8C /* Release */ = {
			isa = XCBuildConfiguration;
			buildSettings = {
				ALWAYS_SEARCH_USER_PATHS = NO;
				CLANG_ANALYZER_NONNULL = YES;
				CLANG_ANALYZER_NUMBER_OBJECT_CONVERSION = YES_AGGRESSIVE;
				CLANG_CXX_LANGUAGE_STANDARD = "gnu++14";
				CLANG_CXX_LIBRARY = "libc++";
				CLANG_ENABLE_MODULES = YES;
				CLANG_ENABLE_OBJC_ARC = YES;
				CLANG_ENABLE_OBJC_WEAK = YES;
				CLANG_WARN_BLOCK_CAPTURE_AUTORELEASING = YES;
				CLANG_WARN_BOOL_CONVERSION = YES;
				CLANG_WARN_COMMA = YES;
				CLANG_WARN_CONSTANT_CONVERSION = YES;
				CLANG_WARN_DEPRECATED_OBJC_IMPLEMENTATIONS = YES;
				CLANG_WARN_DIRECT_OBJC_ISA_USAGE = YES_ERROR;
				CLANG_WARN_DOCUMENTATION_COMMENTS = YES;
				CLANG_WARN_EMPTY_BODY = YES;
				CLANG_WARN_ENUM_CONVERSION = YES;
				CLANG_WARN_INFINITE_RECURSION = YES;
				CLANG_WARN_INT_CONVERSION = YES;
				CLANG_WARN_NON_LITERAL_NULL_CONVERSION = YES;
				CLANG_WARN_OBJC_IMPLICIT_RETAIN_SELF = YES;
				CLANG_WARN_OBJC_LITERAL_CONVERSION = YES;
				CLANG_WARN_OBJC_ROOT_CLASS = YES_ERROR;
				CLANG_WARN_QUOTED_INCLUDE_IN_FRAMEWORK_HEADER = YES;
				CLANG_WARN_RANGE_LOOP_ANALYSIS = YES;
				CLANG_WARN_STRICT_PROTOTYPES = YES;
				CLANG_WARN_SUSPICIOUS_MOVE = YES;
				CLANG_WARN_UNGUARDED_AVAILABILITY = YES_AGGRESSIVE;
				CLANG_WARN_UNREACHABLE_CODE = YES;
				CLANG_WARN__DUPLICATE_METHOD_MATCH = YES;
				COPY_PHASE_STRIP = NO;
				DEBUG_INFORMATION_FORMAT = "dwarf-with-dsym";
				ENABLE_NS_ASSERTIONS = NO;
				ENABLE_STRICT_OBJC_MSGSEND = YES;
				GCC_C_LANGUAGE_STANDARD = gnu11;
				GCC_NO_COMMON_BLOCKS = YES;
				GCC_WARN_64_TO_32_BIT_CONVERSION = YES;
				GCC_WARN_ABOUT_RETURN_TYPE = YES_ERROR;
				GCC_WARN_UNDECLARED_SELECTOR = YES;
				GCC_WARN_UNINITIALIZED_AUTOS = YES_AGGRESSIVE;
				GCC_WARN_UNUSED_FUNCTION = YES;
				GCC_WARN_UNUSED_VARIABLE = YES;
				IPHONEOS_DEPLOYMENT_TARGET = 14.4;
				MTL_ENABLE_DEBUG_INFO = NO;
				MTL_FAST_MATH = YES;
				SDKROOT = iphoneos;
				SWIFT_COMPILATION_MODE = wholemodule;
				SWIFT_OPTIMIZATION_LEVEL = "-O";
				VALIDATE_PRODUCT = YES;
			};
			name = Release;
		};
		B824BD7228CA966F00B27C8C /* Debug */ = {
			isa = XCBuildConfiguration;
			baseConfigurationReference = A5B7B508B36C2AA986FD512F /* Pods-Aliento App.debug.xcconfig */;
			buildSettings = {
				ASSETCATALOG_COMPILER_APPICON_NAME = AppIcon;
				ASSETCATALOG_COMPILER_GLOBAL_ACCENT_COLOR_NAME = AccentColor;
				CODE_SIGN_STYLE = Automatic;
				DEVELOPMENT_TEAM = "";
				INFOPLIST_FILE = "Aliento App/Info.plist";
				LD_RUNPATH_SEARCH_PATHS = (
					"$(inherited)",
					"@executable_path/Frameworks",
				);
				PRODUCT_BUNDLE_IDENTIFIER = "com.alientodevida.app.Aliento-App";
				PRODUCT_NAME = "$(TARGET_NAME)";
				SWIFT_VERSION = 5.0;
				TARGETED_DEVICE_FAMILY = "1,2";
			};
			name = Debug;
		};
		B824BD7328CA966F00B27C8C /* Release */ = {
			isa = XCBuildConfiguration;
			baseConfigurationReference = BFADCF8977C40630EE77FC8A /* Pods-Aliento App.release.xcconfig */;
			buildSettings = {
				ASSETCATALOG_COMPILER_APPICON_NAME = AppIcon;
				ASSETCATALOG_COMPILER_GLOBAL_ACCENT_COLOR_NAME = AccentColor;
				CODE_SIGN_STYLE = Automatic;
				DEVELOPMENT_TEAM = "";
				INFOPLIST_FILE = "Aliento App/Info.plist";
				LD_RUNPATH_SEARCH_PATHS = (
					"$(inherited)",
					"@executable_path/Frameworks",
				);
				PRODUCT_BUNDLE_IDENTIFIER = "com.alientodevida.app.Aliento-App";
				PRODUCT_NAME = "$(TARGET_NAME)";
				SWIFT_VERSION = 5.0;
				TARGETED_DEVICE_FAMILY = "1,2";
			};
			name = Release;
		};
/* End XCBuildConfiguration section */

/* Begin XCConfigurationList section */
		B824BD5828CA966700B27C8C /* Build configuration list for PBXProject "Aliento App" */ = {
			isa = XCConfigurationList;
			buildConfigurations = (
				B824BD6F28CA966F00B27C8C /* Debug */,
				B824BD7028CA966F00B27C8C /* Release */,
			);
			defaultConfigurationIsVisible = 0;
			defaultConfigurationName = Release;
		};
		B824BD7128CA966F00B27C8C /* Build configuration list for PBXNativeTarget "Aliento App" */ = {
			isa = XCConfigurationList;
			buildConfigurations = (
				B824BD7228CA966F00B27C8C /* Debug */,
				B824BD7328CA966F00B27C8C /* Release */,
			);
			defaultConfigurationIsVisible = 0;
			defaultConfigurationName = Release;
		};
/* End XCConfigurationList section */
	};
	rootObject = B824BD5528CA966700B27C8C /* Project object */;
}
