// !$*UTF8*$!
{
	archiveVersion = 1;
	classes = {
	};
	objectVersion = 52;
	objects = {

/* Begin PBXBuildFile section */
		765E45A329819750004FA458 /* CampusCollectionView.swift in Sources */ = {isa = PBXBuildFile; fileRef = 765E45A229819750004FA458 /* CampusCollectionView.swift */; };
		765E45A7298197BA004FA458 /* CampusItemCell.xib in Resources */ = {isa = PBXBuildFile; fileRef = 765E45A6298197BA004FA458 /* CampusItemCell.xib */; };
		765E45AB2981A289004FA458 /* CampusItemCell.swift in Sources */ = {isa = PBXBuildFile; fileRef = 765E45AA2981A289004FA458 /* CampusItemCell.swift */; };
		765E45B02981BCB1004FA458 /* GalleryCollectionView.swift in Sources */ = {isa = PBXBuildFile; fileRef = 765E45AF2981BCB1004FA458 /* GalleryCollectionView.swift */; };
		765E45B22981BD08004FA458 /* GalleryItemCell.swift in Sources */ = {isa = PBXBuildFile; fileRef = 765E45B12981BD08004FA458 /* GalleryItemCell.swift */; };
		765E45B42981BD1C004FA458 /* GalleryItemCell.xib in Resources */ = {isa = PBXBuildFile; fileRef = 765E45B32981BD1C004FA458 /* GalleryItemCell.xib */; };
		7679B3EB29AFD62D00C3F5CD /* GalleryPresentation.swift in Sources */ = {isa = PBXBuildFile; fileRef = 7679B3EA29AFD62D00C3F5CD /* GalleryPresentation.swift */; };
		7679B3EE29AFD67300C3F5CD /* GalleryApi.swift in Sources */ = {isa = PBXBuildFile; fileRef = 7679B3ED29AFD67300C3F5CD /* GalleryApi.swift */; };
		7679B3F029AFD68200C3F5CD /* GalleryModelData.swift in Sources */ = {isa = PBXBuildFile; fileRef = 7679B3EF29AFD68200C3F5CD /* GalleryModelData.swift */; };
		7679B3F229AFD69700C3F5CD /* GalleryRepositoryImpl.swift in Sources */ = {isa = PBXBuildFile; fileRef = 7679B3F129AFD69700C3F5CD /* GalleryRepositoryImpl.swift */; };
		7679B3F529AFE11C00C3F5CD /* GalleryRepository.swift in Sources */ = {isa = PBXBuildFile; fileRef = 7679B3F429AFE11C00C3F5CD /* GalleryRepository.swift */; };
		7679B3F729AFE12E00C3F5CD /* GalleryModel.swift in Sources */ = {isa = PBXBuildFile; fileRef = 7679B3F629AFE12E00C3F5CD /* GalleryModel.swift */; };
		7679B3FA29B110B500C3F5CD /* VideoApi.swift in Sources */ = {isa = PBXBuildFile; fileRef = 7679B3F929B110B500C3F5CD /* VideoApi.swift */; };
		7679B3FC29B110C500C3F5CD /* VideoModelData.swift in Sources */ = {isa = PBXBuildFile; fileRef = 7679B3FB29B110C500C3F5CD /* VideoModelData.swift */; };
		7679B3FE29B110CB00C3F5CD /* VideoRepositoryImpl.swift in Sources */ = {isa = PBXBuildFile; fileRef = 7679B3FD29B110CB00C3F5CD /* VideoRepositoryImpl.swift */; };
		7679B40229B112F000C3F5CD /* VideoModel.swift in Sources */ = {isa = PBXBuildFile; fileRef = 7679B40129B112F000C3F5CD /* VideoModel.swift */; };
		7679B40429B1130800C3F5CD /* VideoRepository.swift in Sources */ = {isa = PBXBuildFile; fileRef = 7679B40329B1130800C3F5CD /* VideoRepository.swift */; };
		7679B40929B2795400C3F5CD /* AudioApi.swift in Sources */ = {isa = PBXBuildFile; fileRef = 7679B40829B2795400C3F5CD /* AudioApi.swift */; };
		7679B40B29B27A9A00C3F5CD /* AlbumsModelData.swift in Sources */ = {isa = PBXBuildFile; fileRef = 7679B40A29B27A9A00C3F5CD /* AlbumsModelData.swift */; };
		7679B40D29B27AB400C3F5CD /* AudioRepositoryImpl.swift in Sources */ = {isa = PBXBuildFile; fileRef = 7679B40C29B27AB400C3F5CD /* AudioRepositoryImpl.swift */; };
		7679B41029B27B4F00C3F5CD /* AudioModel.swift in Sources */ = {isa = PBXBuildFile; fileRef = 7679B40F29B27B4F00C3F5CD /* AudioModel.swift */; };
		7679B41229B27B5D00C3F5CD /* AudioRepository.swift in Sources */ = {isa = PBXBuildFile; fileRef = 7679B41129B27B5D00C3F5CD /* AudioRepository.swift */; };
		7679B41429B653E600C3F5CD /* TracksModelData.swift in Sources */ = {isa = PBXBuildFile; fileRef = 7679B41329B653E600C3F5CD /* TracksModelData.swift */; };
		7679B41629B6712E00C3F5CD /* TokenModelData.swift in Sources */ = {isa = PBXBuildFile; fileRef = 7679B41529B6712D00C3F5CD /* TokenModelData.swift */; };
		7679B41829B7BC2000C3F5CD /* Int.swift in Sources */ = {isa = PBXBuildFile; fileRef = 7679B41729B7BC2000C3F5CD /* Int.swift */; };
		76BE30462978709A0084157E /* CampusVC.swift in Sources */ = {isa = PBXBuildFile; fileRef = 76BE30452978709A0084157E /* CampusVC.swift */; };
		76BE3048297870BC0084157E /* CampusVC.xib in Resources */ = {isa = PBXBuildFile; fileRef = 76BE3047297870BC0084157E /* CampusVC.xib */; };
		76BE304B2979A0980084157E /* GalleryVC.swift in Sources */ = {isa = PBXBuildFile; fileRef = 76BE304A2979A0980084157E /* GalleryVC.swift */; };
		76BE304D2979A1330084157E /* GalleryVC.xib in Resources */ = {isa = PBXBuildFile; fileRef = 76BE304C2979A1330084157E /* GalleryVC.xib */; };
		76D3F97E2979AF2600831312 /* SettingsVC.swift in Sources */ = {isa = PBXBuildFile; fileRef = 76D3F97D2979AF2600831312 /* SettingsVC.swift */; };
		76D3F9802979AF5F00831312 /* SettingsVC.xib in Resources */ = {isa = PBXBuildFile; fileRef = 76D3F97F2979AF5F00831312 /* SettingsVC.xib */; };
		76D3F9832979AF8A00831312 /* NotificationsVC.swift in Sources */ = {isa = PBXBuildFile; fileRef = 76D3F9822979AF8A00831312 /* NotificationsVC.swift */; };
		76D3F9852979AF9F00831312 /* NotificationsVC.xib in Resources */ = {isa = PBXBuildFile; fileRef = 76D3F9842979AF9F00831312 /* NotificationsVC.xib */; };
		76D3F9882979BADE00831312 /* NotificationsCollectionView.swift in Sources */ = {isa = PBXBuildFile; fileRef = 76D3F9872979BADE00831312 /* NotificationsCollectionView.swift */; };
		76D3F98A2979BB4000831312 /* NotificationsItemCell.swift in Sources */ = {isa = PBXBuildFile; fileRef = 76D3F9892979BB4000831312 /* NotificationsItemCell.swift */; };
		76D3F98C2979BB6000831312 /* NotificationsItemCell.xib in Resources */ = {isa = PBXBuildFile; fileRef = 76D3F98B2979BB6000831312 /* NotificationsItemCell.xib */; };
		76D3F98E2979BD3300831312 /* NotificationPresentation.swift in Sources */ = {isa = PBXBuildFile; fileRef = 76D3F98D2979BD3300831312 /* NotificationPresentation.swift */; };
		76D8595B296DE4FE0087D935 /* VideoModelPresentation.swift in Sources */ = {isa = PBXBuildFile; fileRef = 76D8595A296DE4FE0087D935 /* VideoModelPresentation.swift */; };
		76D8595D296F3E210087D935 /* CarouselCollectionView.swift in Sources */ = {isa = PBXBuildFile; fileRef = 76D8595C296F3E210087D935 /* CarouselCollectionView.swift */; };
		76D8A5CF296F4A30003A9E4C /* CarouselItem.swift in Sources */ = {isa = PBXBuildFile; fileRef = 76D8A5CE296F4A30003A9E4C /* CarouselItem.swift */; };
		76D8A5D129706F5E003A9E4C /* CarouselItemCell.swift in Sources */ = {isa = PBXBuildFile; fileRef = 76D8A5D029706F5E003A9E4C /* CarouselItemCell.swift */; };
		76D8A5D529706FC6003A9E4C /* CarouselItemCell.xib in Resources */ = {isa = PBXBuildFile; fileRef = 76D8A5D429706FC6003A9E4C /* CarouselItemCell.xib */; };
		76D8A5D929772087003A9E4C /* ChurchVC.swift in Sources */ = {isa = PBXBuildFile; fileRef = 76D8A5D829772087003A9E4C /* ChurchVC.swift */; };
		76D8A5DB2977210F003A9E4C /* ChurchVC.xib in Resources */ = {isa = PBXBuildFile; fileRef = 76D8A5DA2977210F003A9E4C /* ChurchVC.xib */; };
		76EF47152982F98A00178BE5 /* DonationsVC.swift in Sources */ = {isa = PBXBuildFile; fileRef = 76EF47142982F98A00178BE5 /* DonationsVC.swift */; };
		76EF47172982FA0700178BE5 /* DonationsVC.xib in Resources */ = {isa = PBXBuildFile; fileRef = 76EF47162982FA0700178BE5 /* DonationsVC.xib */; };
		76EF471A2982FE1A00178BE5 /* PlayerVC.swift in Sources */ = {isa = PBXBuildFile; fileRef = 76EF47192982FE1A00178BE5 /* PlayerVC.swift */; };
		76EF471C2982FE2700178BE5 /* PlayerVC.xib in Resources */ = {isa = PBXBuildFile; fileRef = 76EF471B2982FE2700178BE5 /* PlayerVC.xib */; };
		76F04A2E29A7FA5B006CFE64 /* Alamofire in Frameworks */ = {isa = PBXBuildFile; productRef = 76F04A2D29A7FA5B006CFE64 /* Alamofire */; };
		76F04A3229AD1C30006CFE64 /* Smaple.swift in Sources */ = {isa = PBXBuildFile; fileRef = 76F04A3129AD1C30006CFE64 /* Smaple.swift */; };
		76F04A3429AD260F006CFE64 /* NotificationApi.swift in Sources */ = {isa = PBXBuildFile; fileRef = 76F04A3329AD260F006CFE64 /* NotificationApi.swift */; };
		76F04A3629AD28DA006CFE64 /* NotificationModelData.swift in Sources */ = {isa = PBXBuildFile; fileRef = 76F04A3529AD28DA006CFE64 /* NotificationModelData.swift */; };
		76F04A3929AD2C1F006CFE64 /* NotificationRepository.swift in Sources */ = {isa = PBXBuildFile; fileRef = 76F04A3829AD2C1F006CFE64 /* NotificationRepository.swift */; };
		76F04A3B29AD2C2F006CFE64 /* NotificationModel.swift in Sources */ = {isa = PBXBuildFile; fileRef = 76F04A3A29AD2C2F006CFE64 /* NotificationModel.swift */; };
		76F04A3F29AD38FC006CFE64 /* NotificationRepositoryImpl.swift in Sources */ = {isa = PBXBuildFile; fileRef = 76F04A3E29AD38FC006CFE64 /* NotificationRepositoryImpl.swift */; };
		76F04A4329AE6412006CFE64 /* CampusRepository.swift in Sources */ = {isa = PBXBuildFile; fileRef = 76F04A4229AE6412006CFE64 /* CampusRepository.swift */; };
		76F04A4529AE642F006CFE64 /* CampusModel.swift in Sources */ = {isa = PBXBuildFile; fileRef = 76F04A4429AE642F006CFE64 /* CampusModel.swift */; };
		76F04A4729AE6452006CFE64 /* CampusApi.swift in Sources */ = {isa = PBXBuildFile; fileRef = 76F04A4629AE6452006CFE64 /* CampusApi.swift */; };
		76F04A4929AE6466006CFE64 /* CampusModelData.swift in Sources */ = {isa = PBXBuildFile; fileRef = 76F04A4829AE6466006CFE64 /* CampusModelData.swift */; };
		76F04A4B29AE6478006CFE64 /* CampusRepositoryImpl.swift in Sources */ = {isa = PBXBuildFile; fileRef = 76F04A4A29AE6478006CFE64 /* CampusRepositoryImpl.swift */; };
		76F04A4D29AE70D4006CFE64 /* Date.swift in Sources */ = {isa = PBXBuildFile; fileRef = 76F04A4C29AE70D4006CFE64 /* Date.swift */; };
		76F04A4F29AE9AC3006CFE64 /* CampusPresentation.swift in Sources */ = {isa = PBXBuildFile; fileRef = 76F04A4E29AE9AC3006CFE64 /* CampusPresentation.swift */; };
		B824BD6128CA966700B27C8C /* AppDelegate.swift in Sources */ = {isa = PBXBuildFile; fileRef = B824BD6028CA966700B27C8C /* AppDelegate.swift */; };
		B824BD6828CA966700B27C8C /* Main.storyboard in Resources */ = {isa = PBXBuildFile; fileRef = B824BD6628CA966700B27C8C /* Main.storyboard */; };
		B824BD6A28CA966F00B27C8C /* Assets.xcassets in Resources */ = {isa = PBXBuildFile; fileRef = B824BD6928CA966F00B27C8C /* Assets.xcassets */; };
		B824BD6D28CA966F00B27C8C /* LaunchScreen.storyboard in Resources */ = {isa = PBXBuildFile; fileRef = B824BD6B28CA966F00B27C8C /* LaunchScreen.storyboard */; };
		B824BD9728CA99DA00B27C8C /* SplashScreen.xib in Resources */ = {isa = PBXBuildFile; fileRef = B824BD9628CA99DA00B27C8C /* SplashScreen.xib */; };
		B824BD9A28CA9A4400B27C8C /* SplashScreen.swift in Sources */ = {isa = PBXBuildFile; fileRef = B824BD9928CA9A4400B27C8C /* SplashScreen.swift */; };
		B824BD9F28CA9E4800B27C8C /* Login.xib in Resources */ = {isa = PBXBuildFile; fileRef = B824BD9E28CA9E4800B27C8C /* Login.xib */; };
		B824BDA228CA9E7400B27C8C /* Login.swift in Sources */ = {isa = PBXBuildFile; fileRef = B824BDA128CA9E7400B27C8C /* Login.swift */; };
		B824BDAA28CAA12F00B27C8C /* HomeVC.swift in Sources */ = {isa = PBXBuildFile; fileRef = B824BDA928CAA12F00B27C8C /* HomeVC.swift */; };
		B824BDAD28CAA15600B27C8C /* HomeVC.xib in Resources */ = {isa = PBXBuildFile; fileRef = B824BDAC28CAA15600B27C8C /* HomeVC.xib */; };
		B824BDB128CAA6BE00B27C8C /* AudioSermonsVC.swift in Sources */ = {isa = PBXBuildFile; fileRef = B824BDB028CAA6BE00B27C8C /* AudioSermonsVC.swift */; };
		B824BDB828CAA72400B27C8C /* AudioSermonsVC.xib in Resources */ = {isa = PBXBuildFile; fileRef = B824BDB728CAA72400B27C8C /* AudioSermonsVC.xib */; };
		B8965F4C28D52C8100B64709 /* HomeRepositoryImpl.swift in Sources */ = {isa = PBXBuildFile; fileRef = B8965F4B28D52C8100B64709 /* HomeRepositoryImpl.swift */; };
		B8965F4F28D52C9800B64709 /* HomeApi.swift in Sources */ = {isa = PBXBuildFile; fileRef = B8965F4E28D52C9800B64709 /* HomeApi.swift */; };
		B8965F5A28D5325700B64709 /* Api.swift in Sources */ = {isa = PBXBuildFile; fileRef = B8965F5928D5325700B64709 /* Api.swift */; };
		B8965F5D28D532C500B64709 /* RequestInterceptor.swift in Sources */ = {isa = PBXBuildFile; fileRef = B8965F5C28D532C500B64709 /* RequestInterceptor.swift */; };
		B8965F6028D5335100B64709 /* ApiError.swift in Sources */ = {isa = PBXBuildFile; fileRef = B8965F5F28D5335100B64709 /* ApiError.swift */; };
		B8965F6328D5347C00B64709 /* HomeModelData.swift in Sources */ = {isa = PBXBuildFile; fileRef = B8965F6228D5347C00B64709 /* HomeModelData.swift */; };
		BF0C546D2979D04000848A0A /* FileRepositoryImpl.swift in Sources */ = {isa = PBXBuildFile; fileRef = BF0C546C2979D04000848A0A /* FileRepositoryImpl.swift */; };
		BF0C54702979D06F00848A0A /* FileRepository.swift in Sources */ = {isa = PBXBuildFile; fileRef = BF0C546F2979D06F00848A0A /* FileRepository.swift */; };
		BF0C54722979D25800848A0A /* FileApi.swift in Sources */ = {isa = PBXBuildFile; fileRef = BF0C54712979D25800848A0A /* FileApi.swift */; };
		BF0C54742979DA6100848A0A /* HomeImagesData.swift in Sources */ = {isa = PBXBuildFile; fileRef = BF0C54732979DA6100848A0A /* HomeImagesData.swift */; };
		BF0C54762979F11F00848A0A /* HomeImages.swift in Sources */ = {isa = PBXBuildFile; fileRef = BF0C54752979F11F00848A0A /* HomeImages.swift */; };
		BF0C54792979F1D800848A0A /* String.swift in Sources */ = {isa = PBXBuildFile; fileRef = BF0C54782979F1D800848A0A /* String.swift */; };
		BF44EF34296DC27500F3D028 /* UIView.swift in Sources */ = {isa = PBXBuildFile; fileRef = BF44EF33296DC27500F3D028 /* UIView.swift */; };
		BF44EF38296DCA3400F3D028 /* VideoSermonsVC.swift in Sources */ = {isa = PBXBuildFile; fileRef = BF44EF37296DCA3400F3D028 /* VideoSermonsVC.swift */; };
		BF44EF3A296DCA4500F3D028 /* VideoSermonsVC.xib in Resources */ = {isa = PBXBuildFile; fileRef = BF44EF39296DCA4500F3D028 /* VideoSermonsVC.xib */; };
		BF44EF3D296DCB0B00F3D028 /* VideoSermonsCollectionView.swift in Sources */ = {isa = PBXBuildFile; fileRef = BF44EF3C296DCB0B00F3D028 /* VideoSermonsCollectionView.swift */; };
		BF44EF3F296DCBFA00F3D028 /* VideoSermonItemCell.swift in Sources */ = {isa = PBXBuildFile; fileRef = BF44EF3E296DCBFA00F3D028 /* VideoSermonItemCell.swift */; };
		BF44EF41296DCC0500F3D028 /* VideoSermonItemCell.xib in Resources */ = {isa = PBXBuildFile; fileRef = BF44EF40296DCC0500F3D028 /* VideoSermonItemCell.xib */; };
		BF44EF44296DE97400F3D028 /* TabBarController.swift in Sources */ = {isa = PBXBuildFile; fileRef = BF44EF43296DE97400F3D028 /* TabBarController.swift */; };
		BF44EF4729708E9B00F3D028 /* Gradient.swift in Sources */ = {isa = PBXBuildFile; fileRef = BF44EF4629708E9B00F3D028 /* Gradient.swift */; };
		BF54F18A297702F500A1FF45 /* HomeRepository.swift in Sources */ = {isa = PBXBuildFile; fileRef = BF54F189297702F500A1FF45 /* HomeRepository.swift */; };
		BF54F18D2977083700A1FF45 /* HomeModel.swift in Sources */ = {isa = PBXBuildFile; fileRef = BF54F18C2977083700A1FF45 /* HomeModel.swift */; };
		BF54F1902977099200A1FF45 /* AppModule.swift in Sources */ = {isa = PBXBuildFile; fileRef = BF54F18F2977099200A1FF45 /* AppModule.swift */; };
		BF723F84291C900000F2FAA4 /* AudioSermonsCollectionView.swift in Sources */ = {isa = PBXBuildFile; fileRef = BF723F83291C900000F2FAA4 /* AudioSermonsCollectionView.swift */; };
		BF723F88291C945D00F2FAA4 /* AudioSermonItemCell.swift in Sources */ = {isa = PBXBuildFile; fileRef = BF723F87291C945D00F2FAA4 /* AudioSermonItemCell.swift */; };
		BF723F8B291C96F800F2FAA4 /* AudioModelPresentation.swift in Sources */ = {isa = PBXBuildFile; fileRef = BF723F8A291C96F800F2FAA4 /* AudioModelPresentation.swift */; };
		BF723F8D291C972600F2FAA4 /* Constants.swift in Sources */ = {isa = PBXBuildFile; fileRef = BF723F8C291C972600F2FAA4 /* Constants.swift */; };
		BF723F8E291C9AF500F2FAA4 /* AudioSermonItemCell.xib in Resources */ = {isa = PBXBuildFile; fileRef = BF723F85291C936800F2FAA4 /* AudioSermonItemCell.xib */; };
		BF9C22A52924830E0082C0C5 /* UIImage.swift in Sources */ = {isa = PBXBuildFile; fileRef = BF9C22A42924830E0082C0C5 /* UIImage.swift */; };
		BFE27B2729A9C305000D2B3B /* Request.swift in Sources */ = {isa = PBXBuildFile; fileRef = BFE27B2629A9C305000D2B3B /* Request.swift */; };
		DAA5BC0554963CBFAB25DF98 /* libPods-Aliento App.a in Frameworks */ = {isa = PBXBuildFile; fileRef = B2FFE1DACD888734A5E8BAA7 /* libPods-Aliento App.a */; };
/* End PBXBuildFile section */

/* Begin PBXFileReference section */
		765E45A229819750004FA458 /* CampusCollectionView.swift */ = {isa = PBXFileReference; lastKnownFileType = sourcecode.swift; path = CampusCollectionView.swift; sourceTree = "<group>"; };
		765E45A6298197BA004FA458 /* CampusItemCell.xib */ = {isa = PBXFileReference; lastKnownFileType = file.xib; path = CampusItemCell.xib; sourceTree = "<group>"; };
		765E45AA2981A289004FA458 /* CampusItemCell.swift */ = {isa = PBXFileReference; lastKnownFileType = sourcecode.swift; path = CampusItemCell.swift; sourceTree = "<group>"; };
		765E45AF2981BCB1004FA458 /* GalleryCollectionView.swift */ = {isa = PBXFileReference; lastKnownFileType = sourcecode.swift; path = GalleryCollectionView.swift; sourceTree = "<group>"; };
		765E45B12981BD08004FA458 /* GalleryItemCell.swift */ = {isa = PBXFileReference; lastKnownFileType = sourcecode.swift; path = GalleryItemCell.swift; sourceTree = "<group>"; };
		765E45B32981BD1C004FA458 /* GalleryItemCell.xib */ = {isa = PBXFileReference; lastKnownFileType = file.xib; path = GalleryItemCell.xib; sourceTree = "<group>"; };
		7679B3EA29AFD62D00C3F5CD /* GalleryPresentation.swift */ = {isa = PBXFileReference; lastKnownFileType = sourcecode.swift; path = GalleryPresentation.swift; sourceTree = "<group>"; };
		7679B3ED29AFD67300C3F5CD /* GalleryApi.swift */ = {isa = PBXFileReference; lastKnownFileType = sourcecode.swift; path = GalleryApi.swift; sourceTree = "<group>"; };
		7679B3EF29AFD68200C3F5CD /* GalleryModelData.swift */ = {isa = PBXFileReference; lastKnownFileType = sourcecode.swift; path = GalleryModelData.swift; sourceTree = "<group>"; };
		7679B3F129AFD69700C3F5CD /* GalleryRepositoryImpl.swift */ = {isa = PBXFileReference; lastKnownFileType = sourcecode.swift; path = GalleryRepositoryImpl.swift; sourceTree = "<group>"; };
		7679B3F429AFE11C00C3F5CD /* GalleryRepository.swift */ = {isa = PBXFileReference; lastKnownFileType = sourcecode.swift; path = GalleryRepository.swift; sourceTree = "<group>"; };
		7679B3F629AFE12E00C3F5CD /* GalleryModel.swift */ = {isa = PBXFileReference; lastKnownFileType = sourcecode.swift; path = GalleryModel.swift; sourceTree = "<group>"; };
		7679B3F929B110B500C3F5CD /* VideoApi.swift */ = {isa = PBXFileReference; lastKnownFileType = sourcecode.swift; path = VideoApi.swift; sourceTree = "<group>"; };
		7679B3FB29B110C500C3F5CD /* VideoModelData.swift */ = {isa = PBXFileReference; lastKnownFileType = sourcecode.swift; path = VideoModelData.swift; sourceTree = "<group>"; };
		7679B3FD29B110CB00C3F5CD /* VideoRepositoryImpl.swift */ = {isa = PBXFileReference; lastKnownFileType = sourcecode.swift; path = VideoRepositoryImpl.swift; sourceTree = "<group>"; };
		7679B40129B112F000C3F5CD /* VideoModel.swift */ = {isa = PBXFileReference; lastKnownFileType = sourcecode.swift; path = VideoModel.swift; sourceTree = "<group>"; };
		7679B40329B1130800C3F5CD /* VideoRepository.swift */ = {isa = PBXFileReference; lastKnownFileType = sourcecode.swift; path = VideoRepository.swift; sourceTree = "<group>"; };
		7679B40829B2795400C3F5CD /* AudioApi.swift */ = {isa = PBXFileReference; lastKnownFileType = sourcecode.swift; path = AudioApi.swift; sourceTree = "<group>"; };
		7679B40A29B27A9A00C3F5CD /* AlbumsModelData.swift */ = {isa = PBXFileReference; lastKnownFileType = sourcecode.swift; path = AlbumsModelData.swift; sourceTree = "<group>"; };
		7679B40C29B27AB400C3F5CD /* AudioRepositoryImpl.swift */ = {isa = PBXFileReference; lastKnownFileType = sourcecode.swift; path = AudioRepositoryImpl.swift; sourceTree = "<group>"; };
		7679B40F29B27B4F00C3F5CD /* AudioModel.swift */ = {isa = PBXFileReference; lastKnownFileType = sourcecode.swift; path = AudioModel.swift; sourceTree = "<group>"; };
		7679B41129B27B5D00C3F5CD /* AudioRepository.swift */ = {isa = PBXFileReference; lastKnownFileType = sourcecode.swift; path = AudioRepository.swift; sourceTree = "<group>"; };
		7679B41329B653E600C3F5CD /* TracksModelData.swift */ = {isa = PBXFileReference; lastKnownFileType = sourcecode.swift; path = TracksModelData.swift; sourceTree = "<group>"; };
		7679B41529B6712D00C3F5CD /* TokenModelData.swift */ = {isa = PBXFileReference; lastKnownFileType = sourcecode.swift; path = TokenModelData.swift; sourceTree = "<group>"; };
		7679B41729B7BC2000C3F5CD /* Int.swift */ = {isa = PBXFileReference; lastKnownFileType = sourcecode.swift; path = Int.swift; sourceTree = "<group>"; };
		76BE30452978709A0084157E /* CampusVC.swift */ = {isa = PBXFileReference; lastKnownFileType = sourcecode.swift; path = CampusVC.swift; sourceTree = "<group>"; };
		76BE3047297870BC0084157E /* CampusVC.xib */ = {isa = PBXFileReference; lastKnownFileType = file.xib; path = CampusVC.xib; sourceTree = "<group>"; };
		76BE304A2979A0980084157E /* GalleryVC.swift */ = {isa = PBXFileReference; lastKnownFileType = sourcecode.swift; path = GalleryVC.swift; sourceTree = "<group>"; };
		76BE304C2979A1330084157E /* GalleryVC.xib */ = {isa = PBXFileReference; lastKnownFileType = file.xib; path = GalleryVC.xib; sourceTree = "<group>"; };
		76D3F97D2979AF2600831312 /* SettingsVC.swift */ = {isa = PBXFileReference; lastKnownFileType = sourcecode.swift; path = SettingsVC.swift; sourceTree = "<group>"; };
		76D3F97F2979AF5F00831312 /* SettingsVC.xib */ = {isa = PBXFileReference; lastKnownFileType = file.xib; path = SettingsVC.xib; sourceTree = "<group>"; };
		76D3F9822979AF8A00831312 /* NotificationsVC.swift */ = {isa = PBXFileReference; lastKnownFileType = sourcecode.swift; path = NotificationsVC.swift; sourceTree = "<group>"; };
		76D3F9842979AF9F00831312 /* NotificationsVC.xib */ = {isa = PBXFileReference; lastKnownFileType = file.xib; path = NotificationsVC.xib; sourceTree = "<group>"; };
		76D3F9872979BADE00831312 /* NotificationsCollectionView.swift */ = {isa = PBXFileReference; lastKnownFileType = sourcecode.swift; path = NotificationsCollectionView.swift; sourceTree = "<group>"; };
		76D3F9892979BB4000831312 /* NotificationsItemCell.swift */ = {isa = PBXFileReference; lastKnownFileType = sourcecode.swift; path = NotificationsItemCell.swift; sourceTree = "<group>"; };
		76D3F98B2979BB6000831312 /* NotificationsItemCell.xib */ = {isa = PBXFileReference; lastKnownFileType = file.xib; path = NotificationsItemCell.xib; sourceTree = "<group>"; };
		76D3F98D2979BD3300831312 /* NotificationPresentation.swift */ = {isa = PBXFileReference; lastKnownFileType = sourcecode.swift; path = NotificationPresentation.swift; sourceTree = "<group>"; };
		76D8595A296DE4FE0087D935 /* VideoModelPresentation.swift */ = {isa = PBXFileReference; lastKnownFileType = sourcecode.swift; path = VideoModelPresentation.swift; sourceTree = "<group>"; };
		76D8595C296F3E210087D935 /* CarouselCollectionView.swift */ = {isa = PBXFileReference; lastKnownFileType = sourcecode.swift; path = CarouselCollectionView.swift; sourceTree = "<group>"; };
		76D8A5CE296F4A30003A9E4C /* CarouselItem.swift */ = {isa = PBXFileReference; lastKnownFileType = sourcecode.swift; path = CarouselItem.swift; sourceTree = "<group>"; };
		76D8A5D029706F5E003A9E4C /* CarouselItemCell.swift */ = {isa = PBXFileReference; lastKnownFileType = sourcecode.swift; path = CarouselItemCell.swift; sourceTree = "<group>"; };
		76D8A5D429706FC6003A9E4C /* CarouselItemCell.xib */ = {isa = PBXFileReference; lastKnownFileType = file.xib; path = CarouselItemCell.xib; sourceTree = "<group>"; };
		76D8A5D829772087003A9E4C /* ChurchVC.swift */ = {isa = PBXFileReference; lastKnownFileType = sourcecode.swift; path = ChurchVC.swift; sourceTree = "<group>"; };
		76D8A5DA2977210F003A9E4C /* ChurchVC.xib */ = {isa = PBXFileReference; lastKnownFileType = file.xib; path = ChurchVC.xib; sourceTree = "<group>"; };
		76EF47142982F98A00178BE5 /* DonationsVC.swift */ = {isa = PBXFileReference; lastKnownFileType = sourcecode.swift; path = DonationsVC.swift; sourceTree = "<group>"; };
		76EF47162982FA0700178BE5 /* DonationsVC.xib */ = {isa = PBXFileReference; lastKnownFileType = file.xib; path = DonationsVC.xib; sourceTree = "<group>"; };
		76EF47192982FE1A00178BE5 /* PlayerVC.swift */ = {isa = PBXFileReference; lastKnownFileType = sourcecode.swift; path = PlayerVC.swift; sourceTree = "<group>"; };
		76EF471B2982FE2700178BE5 /* PlayerVC.xib */ = {isa = PBXFileReference; lastKnownFileType = file.xib; path = PlayerVC.xib; sourceTree = "<group>"; };
		76F04A3129AD1C30006CFE64 /* Smaple.swift */ = {isa = PBXFileReference; lastKnownFileType = sourcecode.swift; path = Smaple.swift; sourceTree = "<group>"; };
		76F04A3329AD260F006CFE64 /* NotificationApi.swift */ = {isa = PBXFileReference; lastKnownFileType = sourcecode.swift; path = NotificationApi.swift; sourceTree = "<group>"; };
		76F04A3529AD28DA006CFE64 /* NotificationModelData.swift */ = {isa = PBXFileReference; lastKnownFileType = sourcecode.swift; path = NotificationModelData.swift; sourceTree = "<group>"; };
		76F04A3829AD2C1F006CFE64 /* NotificationRepository.swift */ = {isa = PBXFileReference; lastKnownFileType = sourcecode.swift; path = NotificationRepository.swift; sourceTree = "<group>"; };
		76F04A3A29AD2C2F006CFE64 /* NotificationModel.swift */ = {isa = PBXFileReference; lastKnownFileType = sourcecode.swift; path = NotificationModel.swift; sourceTree = "<group>"; };
		76F04A3E29AD38FC006CFE64 /* NotificationRepositoryImpl.swift */ = {isa = PBXFileReference; lastKnownFileType = sourcecode.swift; path = NotificationRepositoryImpl.swift; sourceTree = "<group>"; };
		76F04A4229AE6412006CFE64 /* CampusRepository.swift */ = {isa = PBXFileReference; lastKnownFileType = sourcecode.swift; path = CampusRepository.swift; sourceTree = "<group>"; };
		76F04A4429AE642F006CFE64 /* CampusModel.swift */ = {isa = PBXFileReference; lastKnownFileType = sourcecode.swift; path = CampusModel.swift; sourceTree = "<group>"; };
		76F04A4629AE6452006CFE64 /* CampusApi.swift */ = {isa = PBXFileReference; lastKnownFileType = sourcecode.swift; path = CampusApi.swift; sourceTree = "<group>"; };
		76F04A4829AE6466006CFE64 /* CampusModelData.swift */ = {isa = PBXFileReference; lastKnownFileType = sourcecode.swift; path = CampusModelData.swift; sourceTree = "<group>"; };
		76F04A4A29AE6478006CFE64 /* CampusRepositoryImpl.swift */ = {isa = PBXFileReference; lastKnownFileType = sourcecode.swift; path = CampusRepositoryImpl.swift; sourceTree = "<group>"; };
		76F04A4C29AE70D4006CFE64 /* Date.swift */ = {isa = PBXFileReference; lastKnownFileType = sourcecode.swift; path = Date.swift; sourceTree = "<group>"; };
		76F04A4E29AE9AC3006CFE64 /* CampusPresentation.swift */ = {isa = PBXFileReference; lastKnownFileType = sourcecode.swift; path = CampusPresentation.swift; sourceTree = "<group>"; };
		A5B7B508B36C2AA986FD512F /* Pods-Aliento App.debug.xcconfig */ = {isa = PBXFileReference; includeInIndex = 1; lastKnownFileType = text.xcconfig; name = "Pods-Aliento App.debug.xcconfig"; path = "Target Support Files/Pods-Aliento App/Pods-Aliento App.debug.xcconfig"; sourceTree = "<group>"; };
		B2FFE1DACD888734A5E8BAA7 /* libPods-Aliento App.a */ = {isa = PBXFileReference; explicitFileType = archive.ar; includeInIndex = 0; path = "libPods-Aliento App.a"; sourceTree = BUILT_PRODUCTS_DIR; };
		B824BD5D28CA966700B27C8C /* Aliento App.app */ = {isa = PBXFileReference; explicitFileType = wrapper.application; includeInIndex = 0; path = "Aliento App.app"; sourceTree = BUILT_PRODUCTS_DIR; };
		B824BD6028CA966700B27C8C /* AppDelegate.swift */ = {isa = PBXFileReference; lastKnownFileType = sourcecode.swift; path = AppDelegate.swift; sourceTree = "<group>"; };
		B824BD6728CA966700B27C8C /* Base */ = {isa = PBXFileReference; lastKnownFileType = file.storyboard; name = Base; path = Base.lproj/Main.storyboard; sourceTree = "<group>"; };
		B824BD6928CA966F00B27C8C /* Assets.xcassets */ = {isa = PBXFileReference; lastKnownFileType = folder.assetcatalog; path = Assets.xcassets; sourceTree = "<group>"; };
		B824BD6C28CA966F00B27C8C /* Base */ = {isa = PBXFileReference; lastKnownFileType = file.storyboard; name = Base; path = Base.lproj/LaunchScreen.storyboard; sourceTree = "<group>"; };
		B824BD6E28CA966F00B27C8C /* Info.plist */ = {isa = PBXFileReference; lastKnownFileType = text.plist.xml; path = Info.plist; sourceTree = "<group>"; };
		B824BD9628CA99DA00B27C8C /* SplashScreen.xib */ = {isa = PBXFileReference; lastKnownFileType = file.xib; path = SplashScreen.xib; sourceTree = "<group>"; };
		B824BD9928CA9A4400B27C8C /* SplashScreen.swift */ = {isa = PBXFileReference; lastKnownFileType = sourcecode.swift; path = SplashScreen.swift; sourceTree = "<group>"; };
		B824BD9E28CA9E4800B27C8C /* Login.xib */ = {isa = PBXFileReference; lastKnownFileType = file.xib; path = Login.xib; sourceTree = "<group>"; };
		B824BDA128CA9E7400B27C8C /* Login.swift */ = {isa = PBXFileReference; lastKnownFileType = sourcecode.swift; path = Login.swift; sourceTree = "<group>"; };
		B824BDA928CAA12F00B27C8C /* HomeVC.swift */ = {isa = PBXFileReference; lastKnownFileType = sourcecode.swift; path = HomeVC.swift; sourceTree = "<group>"; };
		B824BDAC28CAA15600B27C8C /* HomeVC.xib */ = {isa = PBXFileReference; lastKnownFileType = file.xib; path = HomeVC.xib; sourceTree = "<group>"; };
		B824BDB028CAA6BE00B27C8C /* AudioSermonsVC.swift */ = {isa = PBXFileReference; lastKnownFileType = sourcecode.swift; path = AudioSermonsVC.swift; sourceTree = "<group>"; };
		B824BDB728CAA72400B27C8C /* AudioSermonsVC.xib */ = {isa = PBXFileReference; lastKnownFileType = file.xib; path = AudioSermonsVC.xib; sourceTree = "<group>"; };
		B8965F4B28D52C8100B64709 /* HomeRepositoryImpl.swift */ = {isa = PBXFileReference; lastKnownFileType = sourcecode.swift; path = HomeRepositoryImpl.swift; sourceTree = "<group>"; };
		B8965F4E28D52C9800B64709 /* HomeApi.swift */ = {isa = PBXFileReference; lastKnownFileType = sourcecode.swift; path = HomeApi.swift; sourceTree = "<group>"; };
		B8965F5928D5325700B64709 /* Api.swift */ = {isa = PBXFileReference; lastKnownFileType = sourcecode.swift; path = Api.swift; sourceTree = "<group>"; };
		B8965F5C28D532C500B64709 /* RequestInterceptor.swift */ = {isa = PBXFileReference; lastKnownFileType = sourcecode.swift; path = RequestInterceptor.swift; sourceTree = "<group>"; };
		B8965F5F28D5335100B64709 /* ApiError.swift */ = {isa = PBXFileReference; lastKnownFileType = sourcecode.swift; path = ApiError.swift; sourceTree = "<group>"; };
		B8965F6228D5347C00B64709 /* HomeModelData.swift */ = {isa = PBXFileReference; lastKnownFileType = sourcecode.swift; path = HomeModelData.swift; sourceTree = "<group>"; };
		BF0C546C2979D04000848A0A /* FileRepositoryImpl.swift */ = {isa = PBXFileReference; lastKnownFileType = sourcecode.swift; path = FileRepositoryImpl.swift; sourceTree = "<group>"; };
		BF0C546F2979D06F00848A0A /* FileRepository.swift */ = {isa = PBXFileReference; lastKnownFileType = sourcecode.swift; path = FileRepository.swift; sourceTree = "<group>"; };
		BF0C54712979D25800848A0A /* FileApi.swift */ = {isa = PBXFileReference; lastKnownFileType = sourcecode.swift; path = FileApi.swift; sourceTree = "<group>"; };
		BF0C54732979DA6100848A0A /* HomeImagesData.swift */ = {isa = PBXFileReference; lastKnownFileType = sourcecode.swift; path = HomeImagesData.swift; sourceTree = "<group>"; };
		BF0C54752979F11F00848A0A /* HomeImages.swift */ = {isa = PBXFileReference; lastKnownFileType = sourcecode.swift; path = HomeImages.swift; sourceTree = "<group>"; };
		BF0C54782979F1D800848A0A /* String.swift */ = {isa = PBXFileReference; lastKnownFileType = sourcecode.swift; path = String.swift; sourceTree = "<group>"; };
		BF44EF33296DC27500F3D028 /* UIView.swift */ = {isa = PBXFileReference; lastKnownFileType = sourcecode.swift; path = UIView.swift; sourceTree = "<group>"; };
		BF44EF37296DCA3400F3D028 /* VideoSermonsVC.swift */ = {isa = PBXFileReference; lastKnownFileType = sourcecode.swift; path = VideoSermonsVC.swift; sourceTree = "<group>"; };
		BF44EF39296DCA4500F3D028 /* VideoSermonsVC.xib */ = {isa = PBXFileReference; lastKnownFileType = file.xib; path = VideoSermonsVC.xib; sourceTree = "<group>"; };
		BF44EF3C296DCB0B00F3D028 /* VideoSermonsCollectionView.swift */ = {isa = PBXFileReference; lastKnownFileType = sourcecode.swift; path = VideoSermonsCollectionView.swift; sourceTree = "<group>"; };
		BF44EF3E296DCBFA00F3D028 /* VideoSermonItemCell.swift */ = {isa = PBXFileReference; lastKnownFileType = sourcecode.swift; path = VideoSermonItemCell.swift; sourceTree = "<group>"; };
		BF44EF40296DCC0500F3D028 /* VideoSermonItemCell.xib */ = {isa = PBXFileReference; lastKnownFileType = file.xib; path = VideoSermonItemCell.xib; sourceTree = "<group>"; };
		BF44EF43296DE97400F3D028 /* TabBarController.swift */ = {isa = PBXFileReference; lastKnownFileType = sourcecode.swift; path = TabBarController.swift; sourceTree = "<group>"; };
		BF44EF4629708E9B00F3D028 /* Gradient.swift */ = {isa = PBXFileReference; lastKnownFileType = sourcecode.swift; path = Gradient.swift; sourceTree = "<group>"; };
		BF54F189297702F500A1FF45 /* HomeRepository.swift */ = {isa = PBXFileReference; lastKnownFileType = sourcecode.swift; name = HomeRepository.swift; path = "Aliento App/Domain/Home/HomeRepository.swift"; sourceTree = SOURCE_ROOT; };
		BF54F18C2977083700A1FF45 /* HomeModel.swift */ = {isa = PBXFileReference; lastKnownFileType = sourcecode.swift; path = HomeModel.swift; sourceTree = "<group>"; };
		BF54F18F2977099200A1FF45 /* AppModule.swift */ = {isa = PBXFileReference; lastKnownFileType = sourcecode.swift; path = AppModule.swift; sourceTree = "<group>"; };
		BF723F83291C900000F2FAA4 /* AudioSermonsCollectionView.swift */ = {isa = PBXFileReference; lastKnownFileType = sourcecode.swift; path = AudioSermonsCollectionView.swift; sourceTree = "<group>"; };
		BF723F85291C936800F2FAA4 /* AudioSermonItemCell.xib */ = {isa = PBXFileReference; lastKnownFileType = file.xib; path = AudioSermonItemCell.xib; sourceTree = "<group>"; };
		BF723F87291C945D00F2FAA4 /* AudioSermonItemCell.swift */ = {isa = PBXFileReference; lastKnownFileType = sourcecode.swift; path = AudioSermonItemCell.swift; sourceTree = "<group>"; };
		BF723F8A291C96F800F2FAA4 /* AudioModelPresentation.swift */ = {isa = PBXFileReference; lastKnownFileType = sourcecode.swift; path = AudioModelPresentation.swift; sourceTree = "<group>"; };
		BF723F8C291C972600F2FAA4 /* Constants.swift */ = {isa = PBXFileReference; lastKnownFileType = sourcecode.swift; path = Constants.swift; sourceTree = "<group>"; };
		BF9C22A42924830E0082C0C5 /* UIImage.swift */ = {isa = PBXFileReference; lastKnownFileType = sourcecode.swift; path = UIImage.swift; sourceTree = "<group>"; };
		BFADCF8977C40630EE77FC8A /* Pods-Aliento App.release.xcconfig */ = {isa = PBXFileReference; includeInIndex = 1; lastKnownFileType = text.xcconfig; name = "Pods-Aliento App.release.xcconfig"; path = "Target Support Files/Pods-Aliento App/Pods-Aliento App.release.xcconfig"; sourceTree = "<group>"; };
		BFE27B2629A9C305000D2B3B /* Request.swift */ = {isa = PBXFileReference; lastKnownFileType = sourcecode.swift; path = Request.swift; sourceTree = "<group>"; };
/* End PBXFileReference section */

/* Begin PBXFrameworksBuildPhase section */
		B824BD5A28CA966700B27C8C /* Frameworks */ = {
			isa = PBXFrameworksBuildPhase;
			buildActionMask = 2147483647;
			files = (
				DAA5BC0554963CBFAB25DF98 /* libPods-Aliento App.a in Frameworks */,
				76F04A2E29A7FA5B006CFE64 /* Alamofire in Frameworks */,
			);
			runOnlyForDeploymentPostprocessing = 0;
		};
/* End PBXFrameworksBuildPhase section */

/* Begin PBXGroup section */
		0BBD9B8A4D8461FD5FFD78CC /* Pods */ = {
			isa = PBXGroup;
			children = (
				A5B7B508B36C2AA986FD512F /* Pods-Aliento App.debug.xcconfig */,
				BFADCF8977C40630EE77FC8A /* Pods-Aliento App.release.xcconfig */,
			);
			path = Pods;
			sourceTree = "<group>";
		};
		1ADF4654E1E48F2CA7C98C37 /* Frameworks */ = {
			isa = PBXGroup;
			children = (
				B2FFE1DACD888734A5E8BAA7 /* libPods-Aliento App.a */,
			);
			name = Frameworks;
			sourceTree = "<group>";
		};
		765E45A1298196DC004FA458 /* CollectionView */ = {
			isa = PBXGroup;
			children = (
				765E45A229819750004FA458 /* CampusCollectionView.swift */,
				765E45AA2981A289004FA458 /* CampusItemCell.swift */,
				765E45A6298197BA004FA458 /* CampusItemCell.xib */,
			);
			path = CollectionView;
			sourceTree = "<group>";
		};
		765E45AE2981BC2E004FA458 /* CollectionView */ = {
			isa = PBXGroup;
			children = (
				765E45AF2981BCB1004FA458 /* GalleryCollectionView.swift */,
				765E45B12981BD08004FA458 /* GalleryItemCell.swift */,
				765E45B32981BD1C004FA458 /* GalleryItemCell.xib */,
			);
			path = CollectionView;
			sourceTree = "<group>";
		};
		7679B3EC29AFD65C00C3F5CD /* Gallery */ = {
			isa = PBXGroup;
			children = (
				7679B3ED29AFD67300C3F5CD /* GalleryApi.swift */,
				7679B3EF29AFD68200C3F5CD /* GalleryModelData.swift */,
				7679B3F129AFD69700C3F5CD /* GalleryRepositoryImpl.swift */,
			);
			path = Gallery;
			sourceTree = "<group>";
		};
		7679B3F329AFE0FE00C3F5CD /* Gallery */ = {
			isa = PBXGroup;
			children = (
				7679B3F429AFE11C00C3F5CD /* GalleryRepository.swift */,
				7679B3F629AFE12E00C3F5CD /* GalleryModel.swift */,
			);
			path = Gallery;
			sourceTree = "<group>";
		};
		7679B3F829B1108F00C3F5CD /* Video */ = {
			isa = PBXGroup;
			children = (
				7679B3F929B110B500C3F5CD /* VideoApi.swift */,
				7679B3FB29B110C500C3F5CD /* VideoModelData.swift */,
				7679B3FD29B110CB00C3F5CD /* VideoRepositoryImpl.swift */,
			);
			path = Video;
			sourceTree = "<group>";
		};
		7679B3FF29B1110900C3F5CD /* Sermons */ = {
			isa = PBXGroup;
			children = (
				7679B40E29B27B4100C3F5CD /* Audio */,
				7679B40529B1258700C3F5CD /* Video */,
			);
			path = Sermons;
			sourceTree = "<group>";
		};
		7679B40529B1258700C3F5CD /* Video */ = {
			isa = PBXGroup;
			children = (
				7679B40329B1130800C3F5CD /* VideoRepository.swift */,
				7679B40129B112F000C3F5CD /* VideoModel.swift */,
			);
			path = Video;
			sourceTree = "<group>";
		};
		7679B40629B1321900C3F5CD /* Sermons */ = {
			isa = PBXGroup;
			children = (
				7679B40729B2794700C3F5CD /* Audio */,
				7679B3F829B1108F00C3F5CD /* Video */,
			);
			path = Sermons;
			sourceTree = "<group>";
		};
		7679B40729B2794700C3F5CD /* Audio */ = {
			isa = PBXGroup;
			children = (
				7679B40829B2795400C3F5CD /* AudioApi.swift */,
				7679B40A29B27A9A00C3F5CD /* AlbumsModelData.swift */,
				7679B41329B653E600C3F5CD /* TracksModelData.swift */,
				7679B40C29B27AB400C3F5CD /* AudioRepositoryImpl.swift */,
				7679B41529B6712D00C3F5CD /* TokenModelData.swift */,
			);
			path = Audio;
			sourceTree = "<group>";
		};
		7679B40E29B27B4100C3F5CD /* Audio */ = {
			isa = PBXGroup;
			children = (
				7679B41129B27B5D00C3F5CD /* AudioRepository.swift */,
				7679B40F29B27B4F00C3F5CD /* AudioModel.swift */,
			);
			path = Audio;
			sourceTree = "<group>";
		};
		76BE3044297870450084157E /* Campus */ = {
			isa = PBXGroup;
			children = (
				765E45A1298196DC004FA458 /* CollectionView */,
				76F04A4E29AE9AC3006CFE64 /* CampusPresentation.swift */,
				76BE30452978709A0084157E /* CampusVC.swift */,
				76BE3047297870BC0084157E /* CampusVC.xib */,
			);
			path = Campus;
			sourceTree = "<group>";
		};
		76BE30492979A0600084157E /* Gallery */ = {
			isa = PBXGroup;
			children = (
				765E45AE2981BC2E004FA458 /* CollectionView */,
				7679B3EA29AFD62D00C3F5CD /* GalleryPresentation.swift */,
				76BE304A2979A0980084157E /* GalleryVC.swift */,
				76BE304C2979A1330084157E /* GalleryVC.xib */,
			);
			path = Gallery;
			sourceTree = "<group>";
		};
		76D3F97C2979AF0300831312 /* Settings */ = {
			isa = PBXGroup;
			children = (
				76D3F97D2979AF2600831312 /* SettingsVC.swift */,
				76D3F97F2979AF5F00831312 /* SettingsVC.xib */,
			);
			path = Settings;
			sourceTree = "<group>";
		};
		76D3F9812979AF6F00831312 /* Notifications */ = {
			isa = PBXGroup;
			children = (
				76D3F9862979BA9D00831312 /* CollectionView */,
				76D3F98D2979BD3300831312 /* NotificationPresentation.swift */,
				76D3F9822979AF8A00831312 /* NotificationsVC.swift */,
				76D3F9842979AF9F00831312 /* NotificationsVC.xib */,
			);
			path = Notifications;
			sourceTree = "<group>";
		};
		76D3F9862979BA9D00831312 /* CollectionView */ = {
			isa = PBXGroup;
			children = (
				76D3F9872979BADE00831312 /* NotificationsCollectionView.swift */,
				76D3F9892979BB4000831312 /* NotificationsItemCell.swift */,
				76D3F98B2979BB6000831312 /* NotificationsItemCell.xib */,
			);
			path = CollectionView;
			sourceTree = "<group>";
		};
		76D8A5CD296F49F7003A9E4C /* Carousel */ = {
			isa = PBXGroup;
			children = (
				76D8595C296F3E210087D935 /* CarouselCollectionView.swift */,
				76D8A5CE296F4A30003A9E4C /* CarouselItem.swift */,
				76D8A5D029706F5E003A9E4C /* CarouselItemCell.swift */,
				76D8A5D429706FC6003A9E4C /* CarouselItemCell.xib */,
			);
			path = Carousel;
			sourceTree = "<group>";
		};
		76D8A5D729772051003A9E4C /* Church */ = {
			isa = PBXGroup;
			children = (
				76D8A5D829772087003A9E4C /* ChurchVC.swift */,
				76D8A5DA2977210F003A9E4C /* ChurchVC.xib */,
			);
			path = Church;
			sourceTree = "<group>";
		};
		76EF47132982F63700178BE5 /* Donations */ = {
			isa = PBXGroup;
			children = (
				76EF47142982F98A00178BE5 /* DonationsVC.swift */,
				76EF47162982FA0700178BE5 /* DonationsVC.xib */,
			);
			path = Donations;
			sourceTree = "<group>";
		};
		76EF47182982FE0700178BE5 /* Player */ = {
			isa = PBXGroup;
			children = (
				76EF47192982FE1A00178BE5 /* PlayerVC.swift */,
				76EF471B2982FE2700178BE5 /* PlayerVC.xib */,
			);
			path = Player;
			sourceTree = "<group>";
		};
		76F04A2F29AD18F9006CFE64 /* Notification */ = {
			isa = PBXGroup;
			children = (
				76F04A3329AD260F006CFE64 /* NotificationApi.swift */,
				76F04A3529AD28DA006CFE64 /* NotificationModelData.swift */,
				76F04A3E29AD38FC006CFE64 /* NotificationRepositoryImpl.swift */,
			);
			path = Notification;
			sourceTree = "<group>";
		};
		76F04A3029AD1930006CFE64 /* Notification */ = {
			isa = PBXGroup;
			children = (
				76F04A3829AD2C1F006CFE64 /* NotificationRepository.swift */,
				76F04A3A29AD2C2F006CFE64 /* NotificationModel.swift */,
			);
			path = Notification;
			sourceTree = "<group>";
		};
		76F04A4029AE639E006CFE64 /* Campus */ = {
			isa = PBXGroup;
			children = (
				76F04A4229AE6412006CFE64 /* CampusRepository.swift */,
				76F04A4429AE642F006CFE64 /* CampusModel.swift */,
			);
			path = Campus;
			sourceTree = "<group>";
		};
		76F04A4129AE63AB006CFE64 /* Campus */ = {
			isa = PBXGroup;
			children = (
				76F04A4629AE6452006CFE64 /* CampusApi.swift */,
				76F04A4829AE6466006CFE64 /* CampusModelData.swift */,
				76F04A4A29AE6478006CFE64 /* CampusRepositoryImpl.swift */,
			);
			path = Campus;
			sourceTree = "<group>";
		};
		B824BD5428CA966700B27C8C = {
			isa = PBXGroup;
			children = (
				B824BD5F28CA966700B27C8C /* Aliento App */,
				B824BD5E28CA966700B27C8C /* Products */,
				0BBD9B8A4D8461FD5FFD78CC /* Pods */,
				1ADF4654E1E48F2CA7C98C37 /* Frameworks */,
			);
			sourceTree = "<group>";
		};
		B824BD5E28CA966700B27C8C /* Products */ = {
			isa = PBXGroup;
			children = (
				B824BD5D28CA966700B27C8C /* Aliento App.app */,
			);
			name = Products;
			sourceTree = "<group>";
		};
		B824BD5F28CA966700B27C8C /* Aliento App */ = {
			isa = PBXGroup;
			children = (
				B824BD6E28CA966F00B27C8C /* Info.plist */,
				B8965F4528D52A5C00B64709 /* Presentation */,
				B8965F4328D52A5000B64709 /* Domain */,
				B8965F4428D52A5700B64709 /* Data */,
			);
			path = "Aliento App";
			sourceTree = "<group>";
		};
		B824BD9428CA99A800B27C8C /* Features */ = {
			isa = PBXGroup;
			children = (
				76EF47182982FE0700178BE5 /* Player */,
				76EF47132982F63700178BE5 /* Donations */,
				76D3F9812979AF6F00831312 /* Notifications */,
				76D3F97C2979AF0300831312 /* Settings */,
				76BE30492979A0600084157E /* Gallery */,
				76BE3044297870450084157E /* Campus */,
				76D8A5D729772051003A9E4C /* Church */,
				B824BDAF28CAA6AA00B27C8C /* Sermons */,
				B824BDA428CAA0EF00B27C8C /* Home */,
				B824BD9D28CA9E3800B27C8C /* Login */,
				B824BD9528CA99BA00B27C8C /* Splashscreen */,
				BF723F8C291C972600F2FAA4 /* Constants.swift */,
			);
			path = Features;
			sourceTree = "<group>";
		};
		B824BD9528CA99BA00B27C8C /* Splashscreen */ = {
			isa = PBXGroup;
			children = (
				B824BD9628CA99DA00B27C8C /* SplashScreen.xib */,
				B824BD9928CA9A4400B27C8C /* SplashScreen.swift */,
			);
			path = Splashscreen;
			sourceTree = "<group>";
		};
		B824BD9D28CA9E3800B27C8C /* Login */ = {
			isa = PBXGroup;
			children = (
				B824BD6628CA966700B27C8C /* Main.storyboard */,
				B824BD9E28CA9E4800B27C8C /* Login.xib */,
				B824BDA128CA9E7400B27C8C /* Login.swift */,
			);
			path = Login;
			sourceTree = "<group>";
		};
		B824BDA428CAA0EF00B27C8C /* Home */ = {
			isa = PBXGroup;
			children = (
				76D8A5CD296F49F7003A9E4C /* Carousel */,
				B824BDA928CAA12F00B27C8C /* HomeVC.swift */,
				B824BDAC28CAA15600B27C8C /* HomeVC.xib */,
			);
			path = Home;
			sourceTree = "<group>";
		};
		B824BDAF28CAA6AA00B27C8C /* Sermons */ = {
			isa = PBXGroup;
			children = (
				BF44EF43296DE97400F3D028 /* TabBarController.swift */,
				BF44EF36296DC9E600F3D028 /* Video */,
				BF44EF35296DC9E000F3D028 /* Audio */,
			);
			path = Sermons;
			sourceTree = "<group>";
		};
		B8965F4328D52A5000B64709 /* Domain */ = {
			isa = PBXGroup;
			children = (
				7679B3FF29B1110900C3F5CD /* Sermons */,
				7679B3F329AFE0FE00C3F5CD /* Gallery */,
				76F04A4029AE639E006CFE64 /* Campus */,
				76F04A3029AD1930006CFE64 /* Notification */,
				BF0C54772979F1D100848A0A /* Extensions */,
				BF0C546E2979D06200848A0A /* File */,
				BF54F18B2977082200A1FF45 /* Home */,
			);
			path = Domain;
			sourceTree = "<group>";
		};
		B8965F4428D52A5700B64709 /* Data */ = {
			isa = PBXGroup;
			children = (
				B8965F6528D535C000B64709 /* Features */,
				B8965F5828D5324C00B64709 /* Api */,
			);
			path = Data;
			sourceTree = "<group>";
		};
		B8965F4528D52A5C00B64709 /* Presentation */ = {
			isa = PBXGroup;
			children = (
				BF54F18E2977098300A1FF45 /* DI */,
				BF44EF4529708E8C00F3D028 /* Views */,
				BF9C22A3292483010082C0C5 /* Extensions */,
				B824BD9428CA99A800B27C8C /* Features */,
				B8965F4928D52C3900B64709 /* Utils */,
				B824BD6028CA966700B27C8C /* AppDelegate.swift */,
			);
			path = Presentation;
			sourceTree = "<group>";
		};
		B8965F4928D52C3900B64709 /* Utils */ = {
			isa = PBXGroup;
			children = (
				B824BD6928CA966F00B27C8C /* Assets.xcassets */,
				B824BD6B28CA966F00B27C8C /* LaunchScreen.storyboard */,
			);
			path = Utils;
			sourceTree = "<group>";
		};
		B8965F4A28D52C6700B64709 /* Home */ = {
			isa = PBXGroup;
			children = (
				B8965F4B28D52C8100B64709 /* HomeRepositoryImpl.swift */,
				B8965F4E28D52C9800B64709 /* HomeApi.swift */,
				B8965F6228D5347C00B64709 /* HomeModelData.swift */,
				BF0C54732979DA6100848A0A /* HomeImagesData.swift */,
				76F04A3129AD1C30006CFE64 /* Smaple.swift */,
			);
			path = Home;
			sourceTree = "<group>";
		};
		B8965F5828D5324C00B64709 /* Api */ = {
			isa = PBXGroup;
			children = (
				B8965F5928D5325700B64709 /* Api.swift */,
				B8965F5C28D532C500B64709 /* RequestInterceptor.swift */,
				B8965F5F28D5335100B64709 /* ApiError.swift */,
				BFE27B2629A9C305000D2B3B /* Request.swift */,
			);
			path = Api;
			sourceTree = "<group>";
		};
		B8965F6528D535C000B64709 /* Features */ = {
			isa = PBXGroup;
			children = (
				7679B40629B1321900C3F5CD /* Sermons */,
				7679B3EC29AFD65C00C3F5CD /* Gallery */,
				76F04A4129AE63AB006CFE64 /* Campus */,
				76F04A2F29AD18F9006CFE64 /* Notification */,
				BF0C546B2979D02B00848A0A /* File */,
				B8965F4A28D52C6700B64709 /* Home */,
			);
			path = Features;
			sourceTree = "<group>";
		};
		BF0C546B2979D02B00848A0A /* File */ = {
			isa = PBXGroup;
			children = (
				BF0C546C2979D04000848A0A /* FileRepositoryImpl.swift */,
				BF0C54712979D25800848A0A /* FileApi.swift */,
			);
			path = File;
			sourceTree = "<group>";
		};
		BF0C546E2979D06200848A0A /* File */ = {
			isa = PBXGroup;
			children = (
				BF0C546F2979D06F00848A0A /* FileRepository.swift */,
			);
			path = File;
			sourceTree = "<group>";
		};
		BF0C54772979F1D100848A0A /* Extensions */ = {
			isa = PBXGroup;
			children = (
				BF0C54782979F1D800848A0A /* String.swift */,
				76F04A4C29AE70D4006CFE64 /* Date.swift */,
				7679B41729B7BC2000C3F5CD /* Int.swift */,
			);
			path = Extensions;
			sourceTree = "<group>";
		};
		BF44EF35296DC9E000F3D028 /* Audio */ = {
			isa = PBXGroup;
			children = (
				BF7E1049291D513700DD9844 /* Collection View */,
				BF723F8A291C96F800F2FAA4 /* AudioModelPresentation.swift */,
				B824BDB028CAA6BE00B27C8C /* AudioSermonsVC.swift */,
				B824BDB728CAA72400B27C8C /* AudioSermonsVC.xib */,
			);
			path = Audio;
			sourceTree = "<group>";
		};
		BF44EF36296DC9E600F3D028 /* Video */ = {
			isa = PBXGroup;
			children = (
				BF44EF3B296DCAF300F3D028 /* CollectionView */,
				76D8595A296DE4FE0087D935 /* VideoModelPresentation.swift */,
				BF44EF37296DCA3400F3D028 /* VideoSermonsVC.swift */,
				BF44EF39296DCA4500F3D028 /* VideoSermonsVC.xib */,
			);
			path = Video;
			sourceTree = "<group>";
		};
		BF44EF3B296DCAF300F3D028 /* CollectionView */ = {
			isa = PBXGroup;
			children = (
				BF44EF3C296DCB0B00F3D028 /* VideoSermonsCollectionView.swift */,
				BF44EF3E296DCBFA00F3D028 /* VideoSermonItemCell.swift */,
				BF44EF40296DCC0500F3D028 /* VideoSermonItemCell.xib */,
			);
			path = CollectionView;
			sourceTree = "<group>";
		};
		BF44EF4529708E8C00F3D028 /* Views */ = {
			isa = PBXGroup;
			children = (
				BF44EF4629708E9B00F3D028 /* Gradient.swift */,
			);
			path = Views;
			sourceTree = "<group>";
		};
		BF54F18B2977082200A1FF45 /* Home */ = {
			isa = PBXGroup;
			children = (
				BF54F189297702F500A1FF45 /* HomeRepository.swift */,
				BF54F18C2977083700A1FF45 /* HomeModel.swift */,
				BF0C54752979F11F00848A0A /* HomeImages.swift */,
			);
			path = Home;
			sourceTree = "<group>";
		};
		BF54F18E2977098300A1FF45 /* DI */ = {
			isa = PBXGroup;
			children = (
				BF54F18F2977099200A1FF45 /* AppModule.swift */,
			);
			path = DI;
			sourceTree = "<group>";
		};
		BF7E1049291D513700DD9844 /* Collection View */ = {
			isa = PBXGroup;
			children = (
				BF723F83291C900000F2FAA4 /* AudioSermonsCollectionView.swift */,
				BF723F87291C945D00F2FAA4 /* AudioSermonItemCell.swift */,
				BF723F85291C936800F2FAA4 /* AudioSermonItemCell.xib */,
			);
			path = "Collection View";
			sourceTree = "<group>";
		};
		BF9C22A3292483010082C0C5 /* Extensions */ = {
			isa = PBXGroup;
			children = (
				BF9C22A42924830E0082C0C5 /* UIImage.swift */,
				BF44EF33296DC27500F3D028 /* UIView.swift */,
			);
			path = Extensions;
			sourceTree = "<group>";
		};
/* End PBXGroup section */

/* Begin PBXNativeTarget section */
		B824BD5C28CA966700B27C8C /* Aliento App */ = {
			isa = PBXNativeTarget;
			buildConfigurationList = B824BD7128CA966F00B27C8C /* Build configuration list for PBXNativeTarget "Aliento App" */;
			buildPhases = (
				F45F10F57D0DBFD026FCC927 /* [CP] Check Pods Manifest.lock */,
				B824BD5928CA966700B27C8C /* Sources */,
				B824BD5A28CA966700B27C8C /* Frameworks */,
				B824BD5B28CA966700B27C8C /* Resources */,
			);
			buildRules = (
			);
			dependencies = (
			);
			name = "Aliento App";
			packageProductDependencies = (
				76F04A2D29A7FA5B006CFE64 /* Alamofire */,
			);
			productName = "Aliento App";
			productReference = B824BD5D28CA966700B27C8C /* Aliento App.app */;
			productType = "com.apple.product-type.application";
		};
/* End PBXNativeTarget section */

/* Begin PBXProject section */
		B824BD5528CA966700B27C8C /* Project object */ = {
			isa = PBXProject;
			attributes = {
				LastSwiftUpdateCheck = 1240;
				LastUpgradeCheck = 1240;
				TargetAttributes = {
					B824BD5C28CA966700B27C8C = {
						CreatedOnToolsVersion = 12.4;
					};
				};
			};
			buildConfigurationList = B824BD5828CA966700B27C8C /* Build configuration list for PBXProject "Aliento App" */;
			compatibilityVersion = "Xcode 9.3";
			developmentRegion = en;
			hasScannedForEncodings = 0;
			knownRegions = (
				en,
				Base,
			);
			mainGroup = B824BD5428CA966700B27C8C;
			packageReferences = (
				76F04A2C29A7FA5A006CFE64 /* XCRemoteSwiftPackageReference "Alamofire" */,
			);
			productRefGroup = B824BD5E28CA966700B27C8C /* Products */;
			projectDirPath = "";
			projectRoot = "";
			targets = (
				B824BD5C28CA966700B27C8C /* Aliento App */,
			);
		};
/* End PBXProject section */

/* Begin PBXResourcesBuildPhase section */
		B824BD5B28CA966700B27C8C /* Resources */ = {
			isa = PBXResourcesBuildPhase;
			buildActionMask = 2147483647;
			files = (
				B824BD9728CA99DA00B27C8C /* SplashScreen.xib in Resources */,
				76BE3048297870BC0084157E /* CampusVC.xib in Resources */,
				76D8A5D529706FC6003A9E4C /* CarouselItemCell.xib in Resources */,
				76BE304D2979A1330084157E /* GalleryVC.xib in Resources */,
				765E45A7298197BA004FA458 /* CampusItemCell.xib in Resources */,
				B824BD6D28CA966F00B27C8C /* LaunchScreen.storyboard in Resources */,
				BF723F8E291C9AF500F2FAA4 /* AudioSermonItemCell.xib in Resources */,
				76EF47172982FA0700178BE5 /* DonationsVC.xib in Resources */,
				765E45B42981BD1C004FA458 /* GalleryItemCell.xib in Resources */,
				76EF471C2982FE2700178BE5 /* PlayerVC.xib in Resources */,
				B824BDB828CAA72400B27C8C /* AudioSermonsVC.xib in Resources */,
				76D3F98C2979BB6000831312 /* NotificationsItemCell.xib in Resources */,
				76D3F9852979AF9F00831312 /* NotificationsVC.xib in Resources */,
				BF44EF3A296DCA4500F3D028 /* VideoSermonsVC.xib in Resources */,
				B824BD6A28CA966F00B27C8C /* Assets.xcassets in Resources */,
				76D3F9802979AF5F00831312 /* SettingsVC.xib in Resources */,
				76D8A5DB2977210F003A9E4C /* ChurchVC.xib in Resources */,
				BF44EF41296DCC0500F3D028 /* VideoSermonItemCell.xib in Resources */,
				B824BD6828CA966700B27C8C /* Main.storyboard in Resources */,
				B824BDAD28CAA15600B27C8C /* HomeVC.xib in Resources */,
				B824BD9F28CA9E4800B27C8C /* Login.xib in Resources */,
			);
			runOnlyForDeploymentPostprocessing = 0;
		};
/* End PBXResourcesBuildPhase section */

/* Begin PBXShellScriptBuildPhase section */
		F45F10F57D0DBFD026FCC927 /* [CP] Check Pods Manifest.lock */ = {
			isa = PBXShellScriptBuildPhase;
			buildActionMask = 2147483647;
			files = (
			);
			inputFileListPaths = (
			);
			inputPaths = (
				"${PODS_PODFILE_DIR_PATH}/Podfile.lock",
				"${PODS_ROOT}/Manifest.lock",
			);
			name = "[CP] Check Pods Manifest.lock";
			outputFileListPaths = (
			);
			outputPaths = (
				"$(DERIVED_FILE_DIR)/Pods-Aliento App-checkManifestLockResult.txt",
			);
			runOnlyForDeploymentPostprocessing = 0;
			shellPath = /bin/sh;
			shellScript = "diff \"${PODS_PODFILE_DIR_PATH}/Podfile.lock\" \"${PODS_ROOT}/Manifest.lock\" > /dev/null\nif [ $? != 0 ] ; then\n    # print error to STDERR\n    echo \"error: The sandbox is not in sync with the Podfile.lock. Run 'pod install' or update your CocoaPods installation.\" >&2\n    exit 1\nfi\n# This output is used by Xcode 'outputs' to avoid re-running this script phase.\necho \"SUCCESS\" > \"${SCRIPT_OUTPUT_FILE_0}\"\n";
			showEnvVarsInLog = 0;
		};
/* End PBXShellScriptBuildPhase section */

/* Begin PBXSourcesBuildPhase section */
		B824BD5928CA966700B27C8C /* Sources */ = {
			isa = PBXSourcesBuildPhase;
			buildActionMask = 2147483647;
			files = (
				76F04A3F29AD38FC006CFE64 /* NotificationRepositoryImpl.swift in Sources */,
				76F04A4729AE6452006CFE64 /* CampusApi.swift in Sources */,
				7679B40929B2795400C3F5CD /* AudioApi.swift in Sources */,
				76EF471A2982FE1A00178BE5 /* PlayerVC.swift in Sources */,
				7679B3FC29B110C500C3F5CD /* VideoModelData.swift in Sources */,
				BFE27B2729A9C305000D2B3B /* Request.swift in Sources */,
				7679B3F529AFE11C00C3F5CD /* GalleryRepository.swift in Sources */,
				76D8A5D129706F5E003A9E4C /* CarouselItemCell.swift in Sources */,
				BF0C54722979D25800848A0A /* FileApi.swift in Sources */,
				BF44EF38296DCA3400F3D028 /* VideoSermonsVC.swift in Sources */,
				BF723F84291C900000F2FAA4 /* AudioSermonsCollectionView.swift in Sources */,
				765E45B22981BD08004FA458 /* GalleryItemCell.swift in Sources */,
				76BE30462978709A0084157E /* CampusVC.swift in Sources */,
				BF44EF3F296DCBFA00F3D028 /* VideoSermonItemCell.swift in Sources */,
				76D3F98E2979BD3300831312 /* NotificationPresentation.swift in Sources */,
				B824BD9A28CA9A4400B27C8C /* SplashScreen.swift in Sources */,
				7679B40B29B27A9A00C3F5CD /* AlbumsModelData.swift in Sources */,
				76D8A5D929772087003A9E4C /* ChurchVC.swift in Sources */,
				7679B3EB29AFD62D00C3F5CD /* GalleryPresentation.swift in Sources */,
				76D3F9882979BADE00831312 /* NotificationsCollectionView.swift in Sources */,
				B8965F5D28D532C500B64709 /* RequestInterceptor.swift in Sources */,
				B824BDAA28CAA12F00B27C8C /* HomeVC.swift in Sources */,
				BF723F88291C945D00F2FAA4 /* AudioSermonItemCell.swift in Sources */,
				76F04A3229AD1C30006CFE64 /* Smaple.swift in Sources */,
				76F04A3B29AD2C2F006CFE64 /* NotificationModel.swift in Sources */,
				7679B41629B6712E00C3F5CD /* TokenModelData.swift in Sources */,
				BF723F8D291C972600F2FAA4 /* Constants.swift in Sources */,
				7679B3F729AFE12E00C3F5CD /* GalleryModel.swift in Sources */,
				BF0C54762979F11F00848A0A /* HomeImages.swift in Sources */,
				BF44EF44296DE97400F3D028 /* TabBarController.swift in Sources */,
				B8965F6328D5347C00B64709 /* HomeModelData.swift in Sources */,
				765E45A329819750004FA458 /* CampusCollectionView.swift in Sources */,
				BF44EF4729708E9B00F3D028 /* Gradient.swift in Sources */,
				76D8A5CF296F4A30003A9E4C /* CarouselItem.swift in Sources */,
				76D8595B296DE4FE0087D935 /* VideoModelPresentation.swift in Sources */,
				76F04A4F29AE9AC3006CFE64 /* CampusPresentation.swift in Sources */,
				7679B41429B653E600C3F5CD /* TracksModelData.swift in Sources */,
				7679B40D29B27AB400C3F5CD /* AudioRepositoryImpl.swift in Sources */,
				7679B40429B1130800C3F5CD /* VideoRepository.swift in Sources */,
				76F04A3629AD28DA006CFE64 /* NotificationModelData.swift in Sources */,
				BF0C54702979D06F00848A0A /* FileRepository.swift in Sources */,
				BF54F1902977099200A1FF45 /* AppModule.swift in Sources */,
				B8965F6028D5335100B64709 /* ApiError.swift in Sources */,
				76F04A3929AD2C1F006CFE64 /* NotificationRepository.swift in Sources */,
				B824BD6128CA966700B27C8C /* AppDelegate.swift in Sources */,
				76F04A4D29AE70D4006CFE64 /* Date.swift in Sources */,
				76F04A3429AD260F006CFE64 /* NotificationApi.swift in Sources */,
				BF9C22A52924830E0082C0C5 /* UIImage.swift in Sources */,
				B824BDB128CAA6BE00B27C8C /* AudioSermonsVC.swift in Sources */,
				76F04A4B29AE6478006CFE64 /* CampusRepositoryImpl.swift in Sources */,
				B8965F4C28D52C8100B64709 /* HomeRepositoryImpl.swift in Sources */,
				76F04A4529AE642F006CFE64 /* CampusModel.swift in Sources */,
				7679B40229B112F000C3F5CD /* VideoModel.swift in Sources */,
				76F04A4329AE6412006CFE64 /* CampusRepository.swift in Sources */,
				76EF47152982F98A00178BE5 /* DonationsVC.swift in Sources */,
				B824BDA228CA9E7400B27C8C /* Login.swift in Sources */,
				765E45AB2981A289004FA458 /* CampusItemCell.swift in Sources */,
				BF0C54742979DA6100848A0A /* HomeImagesData.swift in Sources */,
				BF54F18A297702F500A1FF45 /* HomeRepository.swift in Sources */,
				76BE304B2979A0980084157E /* GalleryVC.swift in Sources */,
				BF44EF34296DC27500F3D028 /* UIView.swift in Sources */,
				76D3F98A2979BB4000831312 /* NotificationsItemCell.swift in Sources */,
				BF723F8B291C96F800F2FAA4 /* AudioModelPresentation.swift in Sources */,
				76D3F97E2979AF2600831312 /* SettingsVC.swift in Sources */,
				7679B41229B27B5D00C3F5CD /* AudioRepository.swift in Sources */,
				7679B3FA29B110B500C3F5CD /* VideoApi.swift in Sources */,
				BF44EF3D296DCB0B00F3D028 /* VideoSermonsCollectionView.swift in Sources */,
				BF0C54792979F1D800848A0A /* String.swift in Sources */,
				76F04A4929AE6466006CFE64 /* CampusModelData.swift in Sources */,
				7679B3FE29B110CB00C3F5CD /* VideoRepositoryImpl.swift in Sources */,
				BF54F18D2977083700A1FF45 /* HomeModel.swift in Sources */,
				7679B41829B7BC2000C3F5CD /* Int.swift in Sources */,
				7679B41029B27B4F00C3F5CD /* AudioModel.swift in Sources */,
				76D3F9832979AF8A00831312 /* NotificationsVC.swift in Sources */,
				7679B3F229AFD69700C3F5CD /* GalleryRepositoryImpl.swift in Sources */,
				7679B3F029AFD68200C3F5CD /* GalleryModelData.swift in Sources */,
				B8965F5A28D5325700B64709 /* Api.swift in Sources */,
				76D8595D296F3E210087D935 /* CarouselCollectionView.swift in Sources */,
				765E45B02981BCB1004FA458 /* GalleryCollectionView.swift in Sources */,
				BF0C546D2979D04000848A0A /* FileRepositoryImpl.swift in Sources */,
				B8965F4F28D52C9800B64709 /* HomeApi.swift in Sources */,
				7679B3EE29AFD67300C3F5CD /* GalleryApi.swift in Sources */,
			);
			runOnlyForDeploymentPostprocessing = 0;
		};
/* End PBXSourcesBuildPhase section */

/* Begin PBXVariantGroup section */
		B824BD6628CA966700B27C8C /* Main.storyboard */ = {
			isa = PBXVariantGroup;
			children = (
				B824BD6728CA966700B27C8C /* Base */,
			);
			name = Main.storyboard;
			sourceTree = "<group>";
		};
		B824BD6B28CA966F00B27C8C /* LaunchScreen.storyboard */ = {
			isa = PBXVariantGroup;
			children = (
				B824BD6C28CA966F00B27C8C /* Base */,
			);
			name = LaunchScreen.storyboard;
			sourceTree = "<group>";
		};
/* End PBXVariantGroup section */

/* Begin XCBuildConfiguration section */
		B824BD6F28CA966F00B27C8C /* Debug */ = {
			isa = XCBuildConfiguration;
			buildSettings = {
				ALWAYS_SEARCH_USER_PATHS = NO;
				CLANG_ANALYZER_NONNULL = YES;
				CLANG_ANALYZER_NUMBER_OBJECT_CONVERSION = YES_AGGRESSIVE;
				CLANG_CXX_LANGUAGE_STANDARD = "gnu++14";
				CLANG_CXX_LIBRARY = "libc++";
				CLANG_ENABLE_MODULES = YES;
				CLANG_ENABLE_OBJC_ARC = YES;
				CLANG_ENABLE_OBJC_WEAK = YES;
				CLANG_WARN_BLOCK_CAPTURE_AUTORELEASING = YES;
				CLANG_WARN_BOOL_CONVERSION = YES;
				CLANG_WARN_COMMA = YES;
				CLANG_WARN_CONSTANT_CONVERSION = YES;
				CLANG_WARN_DEPRECATED_OBJC_IMPLEMENTATIONS = YES;
				CLANG_WARN_DIRECT_OBJC_ISA_USAGE = YES_ERROR;
				CLANG_WARN_DOCUMENTATION_COMMENTS = YES;
				CLANG_WARN_EMPTY_BODY = YES;
				CLANG_WARN_ENUM_CONVERSION = YES;
				CLANG_WARN_INFINITE_RECURSION = YES;
				CLANG_WARN_INT_CONVERSION = YES;
				CLANG_WARN_NON_LITERAL_NULL_CONVERSION = YES;
				CLANG_WARN_OBJC_IMPLICIT_RETAIN_SELF = YES;
				CLANG_WARN_OBJC_LITERAL_CONVERSION = YES;
				CLANG_WARN_OBJC_ROOT_CLASS = YES_ERROR;
				CLANG_WARN_QUOTED_INCLUDE_IN_FRAMEWORK_HEADER = YES;
				CLANG_WARN_RANGE_LOOP_ANALYSIS = YES;
				CLANG_WARN_STRICT_PROTOTYPES = YES;
				CLANG_WARN_SUSPICIOUS_MOVE = YES;
				CLANG_WARN_UNGUARDED_AVAILABILITY = YES_AGGRESSIVE;
				CLANG_WARN_UNREACHABLE_CODE = YES;
				CLANG_WARN__DUPLICATE_METHOD_MATCH = YES;
				COPY_PHASE_STRIP = NO;
				DEBUG_INFORMATION_FORMAT = dwarf;
				ENABLE_STRICT_OBJC_MSGSEND = YES;
				ENABLE_TESTABILITY = YES;
				GCC_C_LANGUAGE_STANDARD = gnu11;
				GCC_DYNAMIC_NO_PIC = NO;
				GCC_NO_COMMON_BLOCKS = YES;
				GCC_OPTIMIZATION_LEVEL = 0;
				GCC_PREPROCESSOR_DEFINITIONS = (
					"DEBUG=1",
					"$(inherited)",
				);
				GCC_WARN_64_TO_32_BIT_CONVERSION = YES;
				GCC_WARN_ABOUT_RETURN_TYPE = YES_ERROR;
				GCC_WARN_UNDECLARED_SELECTOR = YES;
				GCC_WARN_UNINITIALIZED_AUTOS = YES_AGGRESSIVE;
				GCC_WARN_UNUSED_FUNCTION = YES;
				GCC_WARN_UNUSED_VARIABLE = YES;
				IPHONEOS_DEPLOYMENT_TARGET = 14.4;
				MTL_ENABLE_DEBUG_INFO = INCLUDE_SOURCE;
				MTL_FAST_MATH = YES;
				ONLY_ACTIVE_ARCH = YES;
				SDKROOT = iphoneos;
				SWIFT_ACTIVE_COMPILATION_CONDITIONS = DEBUG;
				SWIFT_OPTIMIZATION_LEVEL = "-Onone";
			};
			name = Debug;
		};
		B824BD7028CA966F00B27C8C /* Release */ = {
			isa = XCBuildConfiguration;
			buildSettings = {
				ALWAYS_SEARCH_USER_PATHS = NO;
				CLANG_ANALYZER_NONNULL = YES;
				CLANG_ANALYZER_NUMBER_OBJECT_CONVERSION = YES_AGGRESSIVE;
				CLANG_CXX_LANGUAGE_STANDARD = "gnu++14";
				CLANG_CXX_LIBRARY = "libc++";
				CLANG_ENABLE_MODULES = YES;
				CLANG_ENABLE_OBJC_ARC = YES;
				CLANG_ENABLE_OBJC_WEAK = YES;
				CLANG_WARN_BLOCK_CAPTURE_AUTORELEASING = YES;
				CLANG_WARN_BOOL_CONVERSION = YES;
				CLANG_WARN_COMMA = YES;
				CLANG_WARN_CONSTANT_CONVERSION = YES;
				CLANG_WARN_DEPRECATED_OBJC_IMPLEMENTATIONS = YES;
				CLANG_WARN_DIRECT_OBJC_ISA_USAGE = YES_ERROR;
				CLANG_WARN_DOCUMENTATION_COMMENTS = YES;
				CLANG_WARN_EMPTY_BODY = YES;
				CLANG_WARN_ENUM_CONVERSION = YES;
				CLANG_WARN_INFINITE_RECURSION = YES;
				CLANG_WARN_INT_CONVERSION = YES;
				CLANG_WARN_NON_LITERAL_NULL_CONVERSION = YES;
				CLANG_WARN_OBJC_IMPLICIT_RETAIN_SELF = YES;
				CLANG_WARN_OBJC_LITERAL_CONVERSION = YES;
				CLANG_WARN_OBJC_ROOT_CLASS = YES_ERROR;
				CLANG_WARN_QUOTED_INCLUDE_IN_FRAMEWORK_HEADER = YES;
				CLANG_WARN_RANGE_LOOP_ANALYSIS = YES;
				CLANG_WARN_STRICT_PROTOTYPES = YES;
				CLANG_WARN_SUSPICIOUS_MOVE = YES;
				CLANG_WARN_UNGUARDED_AVAILABILITY = YES_AGGRESSIVE;
				CLANG_WARN_UNREACHABLE_CODE = YES;
				CLANG_WARN__DUPLICATE_METHOD_MATCH = YES;
				COPY_PHASE_STRIP = NO;
				DEBUG_INFORMATION_FORMAT = "dwarf-with-dsym";
				ENABLE_NS_ASSERTIONS = NO;
				ENABLE_STRICT_OBJC_MSGSEND = YES;
				GCC_C_LANGUAGE_STANDARD = gnu11;
				GCC_NO_COMMON_BLOCKS = YES;
				GCC_WARN_64_TO_32_BIT_CONVERSION = YES;
				GCC_WARN_ABOUT_RETURN_TYPE = YES_ERROR;
				GCC_WARN_UNDECLARED_SELECTOR = YES;
				GCC_WARN_UNINITIALIZED_AUTOS = YES_AGGRESSIVE;
				GCC_WARN_UNUSED_FUNCTION = YES;
				GCC_WARN_UNUSED_VARIABLE = YES;
				IPHONEOS_DEPLOYMENT_TARGET = 14.4;
				MTL_ENABLE_DEBUG_INFO = NO;
				MTL_FAST_MATH = YES;
				SDKROOT = iphoneos;
				SWIFT_COMPILATION_MODE = wholemodule;
				SWIFT_OPTIMIZATION_LEVEL = "-O";
				VALIDATE_PRODUCT = YES;
			};
			name = Release;
		};
		B824BD7228CA966F00B27C8C /* Debug */ = {
			isa = XCBuildConfiguration;
			baseConfigurationReference = A5B7B508B36C2AA986FD512F /* Pods-Aliento App.debug.xcconfig */;
			buildSettings = {
				ASSETCATALOG_COMPILER_APPICON_NAME = AppIcon;
				ASSETCATALOG_COMPILER_GLOBAL_ACCENT_COLOR_NAME = AccentColor;
				CODE_SIGN_STYLE = Automatic;
				DEVELOPMENT_TEAM = "";
				INFOPLIST_FILE = "Aliento App/Info.plist";
				LD_RUNPATH_SEARCH_PATHS = (
					"$(inherited)",
					"@executable_path/Frameworks",
				);
				PRODUCT_BUNDLE_IDENTIFIER = "com.alientodevida.app.Aliento-App";
				PRODUCT_NAME = "$(TARGET_NAME)";
				SWIFT_VERSION = 5.0;
				TARGETED_DEVICE_FAMILY = "1,2";
			};
			name = Debug;
		};
		B824BD7328CA966F00B27C8C /* Release */ = {
			isa = XCBuildConfiguration;
			baseConfigurationReference = BFADCF8977C40630EE77FC8A /* Pods-Aliento App.release.xcconfig */;
			buildSettings = {
				ASSETCATALOG_COMPILER_APPICON_NAME = AppIcon;
				ASSETCATALOG_COMPILER_GLOBAL_ACCENT_COLOR_NAME = AccentColor;
				CODE_SIGN_STYLE = Automatic;
				DEVELOPMENT_TEAM = "";
				INFOPLIST_FILE = "Aliento App/Info.plist";
				LD_RUNPATH_SEARCH_PATHS = (
					"$(inherited)",
					"@executable_path/Frameworks",
				);
				PRODUCT_BUNDLE_IDENTIFIER = "com.alientodevida.app.Aliento-App";
				PRODUCT_NAME = "$(TARGET_NAME)";
				SWIFT_VERSION = 5.0;
				TARGETED_DEVICE_FAMILY = "1,2";
			};
			name = Release;
		};
/* End XCBuildConfiguration section */

/* Begin XCConfigurationList section */
		B824BD5828CA966700B27C8C /* Build configuration list for PBXProject "Aliento App" */ = {
			isa = XCConfigurationList;
			buildConfigurations = (
				B824BD6F28CA966F00B27C8C /* Debug */,
				B824BD7028CA966F00B27C8C /* Release */,
			);
			defaultConfigurationIsVisible = 0;
			defaultConfigurationName = Release;
		};
		B824BD7128CA966F00B27C8C /* Build configuration list for PBXNativeTarget "Aliento App" */ = {
			isa = XCConfigurationList;
			buildConfigurations = (
				B824BD7228CA966F00B27C8C /* Debug */,
				B824BD7328CA966F00B27C8C /* Release */,
			);
			defaultConfigurationIsVisible = 0;
			defaultConfigurationName = Release;
		};
/* End XCConfigurationList section */

/* Begin XCRemoteSwiftPackageReference section */
		76F04A2C29A7FA5A006CFE64 /* XCRemoteSwiftPackageReference "Alamofire" */ = {
			isa = XCRemoteSwiftPackageReference;
			repositoryURL = "https://github.com/Alamofire/Alamofire.git";
			requirement = {
				kind = exactVersion;
				version = 5.2.2;
			};
		};
/* End XCRemoteSwiftPackageReference section */

/* Begin XCSwiftPackageProductDependency section */
		76F04A2D29A7FA5B006CFE64 /* Alamofire */ = {
			isa = XCSwiftPackageProductDependency;
			package = 76F04A2C29A7FA5A006CFE64 /* XCRemoteSwiftPackageReference "Alamofire" */;
			productName = Alamofire;
		};
/* End XCSwiftPackageProductDependency section */
	};
	rootObject = B824BD5528CA966700B27C8C /* Project object */;
}
